// !$*UTF8*$!
{
	archiveVersion = 1;
	classes = {
	};
	objectVersion = 56;
	objects = {

/* Begin PBXBuildFile section */
		F883C3CD2B26E84C004E94E3 /* AppDelegate.swift in Sources */ = {isa = PBXBuildFile; fileRef = F883C3CC2B26E84C004E94E3 /* AppDelegate.swift */; };
		F883C3CF2B26E84C004E94E3 /* SceneDelegate.swift in Sources */ = {isa = PBXBuildFile; fileRef = F883C3CE2B26E84C004E94E3 /* SceneDelegate.swift */; };
		F883C3D12B26E84C004E94E3 /* ViewController.swift in Sources */ = {isa = PBXBuildFile; fileRef = F883C3D02B26E84C004E94E3 /* ViewController.swift */; };
		F883C3D42B26E84C004E94E3 /* Main.storyboard in Resources */ = {isa = PBXBuildFile; fileRef = F883C3D22B26E84C004E94E3 /* Main.storyboard */; };
		F883C3D62B26E84D004E94E3 /* Assets.xcassets in Resources */ = {isa = PBXBuildFile; fileRef = F883C3D52B26E84D004E94E3 /* Assets.xcassets */; };
		F883C3D92B26E84D004E94E3 /* LaunchScreen.storyboard in Resources */ = {isa = PBXBuildFile; fileRef = F883C3D72B26E84D004E94E3 /* LaunchScreen.storyboard */; };
		F883C3E42B26E84D004E94E3 /* SpartaMyTodoListTests.swift in Sources */ = {isa = PBXBuildFile; fileRef = F883C3E32B26E84D004E94E3 /* SpartaMyTodoListTests.swift */; };
		F883C3EE2B26E84D004E94E3 /* SpartaMyTodoListUITests.swift in Sources */ = {isa = PBXBuildFile; fileRef = F883C3ED2B26E84D004E94E3 /* SpartaMyTodoListUITests.swift */; };
		F883C3F02B26E84D004E94E3 /* SpartaMyTodoListUITestsLaunchTests.swift in Sources */ = {isa = PBXBuildFile; fileRef = F883C3EF2B26E84D004E94E3 /* SpartaMyTodoListUITestsLaunchTests.swift */; };
/* End PBXBuildFile section */

/* Begin PBXContainerItemProxy section */
		F883C3E02B26E84D004E94E3 /* PBXContainerItemProxy */ = {
			isa = PBXContainerItemProxy;
			containerPortal = F883C3C12B26E84C004E94E3 /* Project object */;
			proxyType = 1;
			remoteGlobalIDString = F883C3C82B26E84C004E94E3;
			remoteInfo = SpartaMyTodoList;
		};
		F883C3EA2B26E84D004E94E3 /* PBXContainerItemProxy */ = {
			isa = PBXContainerItemProxy;
			containerPortal = F883C3C12B26E84C004E94E3 /* Project object */;
			proxyType = 1;
			remoteGlobalIDString = F883C3C82B26E84C004E94E3;
			remoteInfo = SpartaMyTodoList;
		};
/* End PBXContainerItemProxy section */

/* Begin PBXFileReference section */
		F883C3C92B26E84C004E94E3 /* SpartaMyTodoList.app */ = {isa = PBXFileReference; explicitFileType = wrapper.application; includeInIndex = 0; path = SpartaMyTodoList.app; sourceTree = BUILT_PRODUCTS_DIR; };
		F883C3CC2B26E84C004E94E3 /* AppDelegate.swift */ = {isa = PBXFileReference; lastKnownFileType = sourcecode.swift; path = AppDelegate.swift; sourceTree = "<group>"; };
		F883C3CE2B26E84C004E94E3 /* SceneDelegate.swift */ = {isa = PBXFileReference; lastKnownFileType = sourcecode.swift; path = SceneDelegate.swift; sourceTree = "<group>"; };
		F883C3D02B26E84C004E94E3 /* ViewController.swift */ = {isa = PBXFileReference; lastKnownFileType = sourcecode.swift; path = ViewController.swift; sourceTree = "<group>"; };
		F883C3D32B26E84C004E94E3 /* Base */ = {isa = PBXFileReference; lastKnownFileType = file.storyboard; name = Base; path = Base.lproj/Main.storyboard; sourceTree = "<group>"; };
		F883C3D52B26E84D004E94E3 /* Assets.xcassets */ = {isa = PBXFileReference; lastKnownFileType = folder.assetcatalog; path = Assets.xcassets; sourceTree = "<group>"; };
		F883C3D82B26E84D004E94E3 /* Base */ = {isa = PBXFileReference; lastKnownFileType = file.storyboard; name = Base; path = Base.lproj/LaunchScreen.storyboard; sourceTree = "<group>"; };
		F883C3DA2B26E84D004E94E3 /* Info.plist */ = {isa = PBXFileReference; lastKnownFileType = text.plist.xml; path = Info.plist; sourceTree = "<group>"; };
		F883C3DF2B26E84D004E94E3 /* SpartaMyTodoListTests.xctest */ = {isa = PBXFileReference; explicitFileType = wrapper.cfbundle; includeInIndex = 0; path = SpartaMyTodoListTests.xctest; sourceTree = BUILT_PRODUCTS_DIR; };
		F883C3E32B26E84D004E94E3 /* SpartaMyTodoListTests.swift */ = {isa = PBXFileReference; lastKnownFileType = sourcecode.swift; path = SpartaMyTodoListTests.swift; sourceTree = "<group>"; };
		F883C3E92B26E84D004E94E3 /* SpartaMyTodoListUITests.xctest */ = {isa = PBXFileReference; explicitFileType = wrapper.cfbundle; includeInIndex = 0; path = SpartaMyTodoListUITests.xctest; sourceTree = BUILT_PRODUCTS_DIR; };
		F883C3ED2B26E84D004E94E3 /* SpartaMyTodoListUITests.swift */ = {isa = PBXFileReference; lastKnownFileType = sourcecode.swift; path = SpartaMyTodoListUITests.swift; sourceTree = "<group>"; };
		F883C3EF2B26E84D004E94E3 /* SpartaMyTodoListUITestsLaunchTests.swift */ = {isa = PBXFileReference; lastKnownFileType = sourcecode.swift; path = SpartaMyTodoListUITestsLaunchTests.swift; sourceTree = "<group>"; };
/* End PBXFileReference section */

/* Begin PBXFrameworksBuildPhase section */
		F883C3C62B26E84C004E94E3 /* Frameworks */ = {
			isa = PBXFrameworksBuildPhase;
			buildActionMask = 2147483647;
			files = (
			);
			runOnlyForDeploymentPostprocessing = 0;
		};
		F883C3DC2B26E84D004E94E3 /* Frameworks */ = {
			isa = PBXFrameworksBuildPhase;
			buildActionMask = 2147483647;
			files = (
			);
			runOnlyForDeploymentPostprocessing = 0;
		};
		F883C3E62B26E84D004E94E3 /* Frameworks */ = {
			isa = PBXFrameworksBuildPhase;
			buildActionMask = 2147483647;
			files = (
			);
			runOnlyForDeploymentPostprocessing = 0;
		};
/* End PBXFrameworksBuildPhase section */

/* Begin PBXGroup section */
		F883C3C02B26E84C004E94E3 = {
			isa = PBXGroup;
			children = (
				F883C3CB2B26E84C004E94E3 /* SpartaMyTodoList */,
				F883C3E22B26E84D004E94E3 /* SpartaMyTodoListTests */,
				F883C3EC2B26E84D004E94E3 /* SpartaMyTodoListUITests */,
				F883C3CA2B26E84C004E94E3 /* Products */,
			);
			sourceTree = "<group>";
		};
		F883C3CA2B26E84C004E94E3 /* Products */ = {
			isa = PBXGroup;
			children = (
				F883C3C92B26E84C004E94E3 /* SpartaMyTodoList.app */,
				F883C3DF2B26E84D004E94E3 /* SpartaMyTodoListTests.xctest */,
				F883C3E92B26E84D004E94E3 /* SpartaMyTodoListUITests.xctest */,
			);
			name = Products;
			sourceTree = "<group>";
		};
		F883C3CB2B26E84C004E94E3 /* SpartaMyTodoList */ = {
			isa = PBXGroup;
			children = (
				F883C3CC2B26E84C004E94E3 /* AppDelegate.swift */,
				F883C3CE2B26E84C004E94E3 /* SceneDelegate.swift */,
				F883C3D02B26E84C004E94E3 /* ViewController.swift */,
				F883C3D22B26E84C004E94E3 /* Main.storyboard */,
				F883C3D52B26E84D004E94E3 /* Assets.xcassets */,
				F883C3D72B26E84D004E94E3 /* LaunchScreen.storyboard */,
				F883C3DA2B26E84D004E94E3 /* Info.plist */,
			);
			path = SpartaMyTodoList;
			sourceTree = "<group>";
		};
		F883C3E22B26E84D004E94E3 /* SpartaMyTodoListTests */ = {
			isa = PBXGroup;
			children = (
				F883C3E32B26E84D004E94E3 /* SpartaMyTodoListTests.swift */,
			);
			path = SpartaMyTodoListTests;
			sourceTree = "<group>";
		};
		F883C3EC2B26E84D004E94E3 /* SpartaMyTodoListUITests */ = {
			isa = PBXGroup;
			children = (
				F883C3ED2B26E84D004E94E3 /* SpartaMyTodoListUITests.swift */,
				F883C3EF2B26E84D004E94E3 /* SpartaMyTodoListUITestsLaunchTests.swift */,
			);
			path = SpartaMyTodoListUITests;
			sourceTree = "<group>";
		};
/* End PBXGroup section */

/* Begin PBXNativeTarget section */
		F883C3C82B26E84C004E94E3 /* SpartaMyTodoList */ = {
			isa = PBXNativeTarget;
			buildConfigurationList = F883C3F32B26E84D004E94E3 /* Build configuration list for PBXNativeTarget "SpartaMyTodoList" */;
			buildPhases = (
				F883C3C52B26E84C004E94E3 /* Sources */,
				F883C3C62B26E84C004E94E3 /* Frameworks */,
				F883C3C72B26E84C004E94E3 /* Resources */,
			);
			buildRules = (
			);
			dependencies = (
			);
			name = SpartaMyTodoList;
			productName = SpartaMyTodoList;
			productReference = F883C3C92B26E84C004E94E3 /* SpartaMyTodoList.app */;
			productType = "com.apple.product-type.application";
		};
		F883C3DE2B26E84D004E94E3 /* SpartaMyTodoListTests */ = {
			isa = PBXNativeTarget;
			buildConfigurationList = F883C3F62B26E84D004E94E3 /* Build configuration list for PBXNativeTarget "SpartaMyTodoListTests" */;
			buildPhases = (
				F883C3DB2B26E84D004E94E3 /* Sources */,
				F883C3DC2B26E84D004E94E3 /* Frameworks */,
				F883C3DD2B26E84D004E94E3 /* Resources */,
			);
			buildRules = (
			);
			dependencies = (
				F883C3E12B26E84D004E94E3 /* PBXTargetDependency */,
			);
			name = SpartaMyTodoListTests;
			productName = SpartaMyTodoListTests;
			productReference = F883C3DF2B26E84D004E94E3 /* SpartaMyTodoListTests.xctest */;
			productType = "com.apple.product-type.bundle.unit-test";
		};
		F883C3E82B26E84D004E94E3 /* SpartaMyTodoListUITests */ = {
			isa = PBXNativeTarget;
			buildConfigurationList = F883C3F92B26E84D004E94E3 /* Build configuration list for PBXNativeTarget "SpartaMyTodoListUITests" */;
			buildPhases = (
				F883C3E52B26E84D004E94E3 /* Sources */,
				F883C3E62B26E84D004E94E3 /* Frameworks */,
				F883C3E72B26E84D004E94E3 /* Resources */,
			);
			buildRules = (
			);
			dependencies = (
				F883C3EB2B26E84D004E94E3 /* PBXTargetDependency */,
			);
			name = SpartaMyTodoListUITests;
			productName = SpartaMyTodoListUITests;
			productReference = F883C3E92B26E84D004E94E3 /* SpartaMyTodoListUITests.xctest */;
			productType = "com.apple.product-type.bundle.ui-testing";
		};
/* End PBXNativeTarget section */

/* Begin PBXProject section */
		F883C3C12B26E84C004E94E3 /* Project object */ = {
			isa = PBXProject;
			attributes = {
				BuildIndependentTargetsInParallel = 1;
				LastSwiftUpdateCheck = 1430;
				LastUpgradeCheck = 1430;
				TargetAttributes = {
					F883C3C82B26E84C004E94E3 = {
						CreatedOnToolsVersion = 14.3;
					};
					F883C3DE2B26E84D004E94E3 = {
						CreatedOnToolsVersion = 14.3;
						TestTargetID = F883C3C82B26E84C004E94E3;
					};
					F883C3E82B26E84D004E94E3 = {
						CreatedOnToolsVersion = 14.3;
						TestTargetID = F883C3C82B26E84C004E94E3;
					};
				};
			};
			buildConfigurationList = F883C3C42B26E84C004E94E3 /* Build configuration list for PBXProject "SpartaMyTodoList" */;
			compatibilityVersion = "Xcode 14.0";
			developmentRegion = en;
			hasScannedForEncodings = 0;
			knownRegions = (
				en,
				Base,
			);
			mainGroup = F883C3C02B26E84C004E94E3;
			productRefGroup = F883C3CA2B26E84C004E94E3 /* Products */;
			projectDirPath = "";
			projectRoot = "";
			targets = (
				F883C3C82B26E84C004E94E3 /* SpartaMyTodoList */,
				F883C3DE2B26E84D004E94E3 /* SpartaMyTodoListTests */,
				F883C3E82B26E84D004E94E3 /* SpartaMyTodoListUITests */,
			);
		};
/* End PBXProject section */

/* Begin PBXResourcesBuildPhase section */
		F883C3C72B26E84C004E94E3 /* Resources */ = {
			isa = PBXResourcesBuildPhase;
			buildActionMask = 2147483647;
			files = (
				F883C3D92B26E84D004E94E3 /* LaunchScreen.storyboard in Resources */,
				F883C3D62B26E84D004E94E3 /* Assets.xcassets in Resources */,
				F883C3D42B26E84C004E94E3 /* Main.storyboard in Resources */,
			);
			runOnlyForDeploymentPostprocessing = 0;
		};
		F883C3DD2B26E84D004E94E3 /* Resources */ = {
			isa = PBXResourcesBuildPhase;
			buildActionMask = 2147483647;
			files = (
			);
			runOnlyForDeploymentPostprocessing = 0;
		};
		F883C3E72B26E84D004E94E3 /* Resources */ = {
			isa = PBXResourcesBuildPhase;
			buildActionMask = 2147483647;
			files = (
			);
			runOnlyForDeploymentPostprocessing = 0;
		};
/* End PBXResourcesBuildPhase section */

/* Begin PBXSourcesBuildPhase section */
		F883C3C52B26E84C004E94E3 /* Sources */ = {
			isa = PBXSourcesBuildPhase;
			buildActionMask = 2147483647;
			files = (
				F883C3D12B26E84C004E94E3 /* ViewController.swift in Sources */,
				F883C3CD2B26E84C004E94E3 /* AppDelegate.swift in Sources */,
				F883C3CF2B26E84C004E94E3 /* SceneDelegate.swift in Sources */,
			);
			runOnlyForDeploymentPostprocessing = 0;
		};
		F883C3DB2B26E84D004E94E3 /* Sources */ = {
			isa = PBXSourcesBuildPhase;
			buildActionMask = 2147483647;
			files = (
				F883C3E42B26E84D004E94E3 /* SpartaMyTodoListTests.swift in Sources */,
			);
			runOnlyForDeploymentPostprocessing = 0;
		};
		F883C3E52B26E84D004E94E3 /* Sources */ = {
			isa = PBXSourcesBuildPhase;
			buildActionMask = 2147483647;
			files = (
				F883C3EE2B26E84D004E94E3 /* SpartaMyTodoListUITests.swift in Sources */,
				F883C3F02B26E84D004E94E3 /* SpartaMyTodoListUITestsLaunchTests.swift in Sources */,
			);
			runOnlyForDeploymentPostprocessing = 0;
		};
/* End PBXSourcesBuildPhase section */

/* Begin PBXTargetDependency section */
		F883C3E12B26E84D004E94E3 /* PBXTargetDependency */ = {
			isa = PBXTargetDependency;
			target = F883C3C82B26E84C004E94E3 /* SpartaMyTodoList */;
			targetProxy = F883C3E02B26E84D004E94E3 /* PBXContainerItemProxy */;
		};
		F883C3EB2B26E84D004E94E3 /* PBXTargetDependency */ = {
			isa = PBXTargetDependency;
			target = F883C3C82B26E84C004E94E3 /* SpartaMyTodoList */;
			targetProxy = F883C3EA2B26E84D004E94E3 /* PBXContainerItemProxy */;
		};
/* End PBXTargetDependency section */

/* Begin PBXVariantGroup section */
		F883C3D22B26E84C004E94E3 /* Main.storyboard */ = {
			isa = PBXVariantGroup;
			children = (
				F883C3D32B26E84C004E94E3 /* Base */,
			);
			name = Main.storyboard;
			sourceTree = "<group>";
		};
		F883C3D72B26E84D004E94E3 /* LaunchScreen.storyboard */ = {
			isa = PBXVariantGroup;
			children = (
				F883C3D82B26E84D004E94E3 /* Base */,
			);
			name = LaunchScreen.storyboard;
			sourceTree = "<group>";
		};
/* End PBXVariantGroup section */

/* Begin XCBuildConfiguration section */
		F883C3F12B26E84D004E94E3 /* Debug */ = {
			isa = XCBuildConfiguration;
			buildSettings = {
				ALWAYS_SEARCH_USER_PATHS = NO;
				CLANG_ANALYZER_NONNULL = YES;
				CLANG_ANALYZER_NUMBER_OBJECT_CONVERSION = YES_AGGRESSIVE;
				CLANG_CXX_LANGUAGE_STANDARD = "gnu++20";
				CLANG_ENABLE_MODULES = YES;
				CLANG_ENABLE_OBJC_ARC = YES;
				CLANG_ENABLE_OBJC_WEAK = YES;
				CLANG_WARN_BLOCK_CAPTURE_AUTORELEASING = YES;
				CLANG_WARN_BOOL_CONVERSION = YES;
				CLANG_WARN_COMMA = YES;
				CLANG_WARN_CONSTANT_CONVERSION = YES;
				CLANG_WARN_DEPRECATED_OBJC_IMPLEMENTATIONS = YES;
				CLANG_WARN_DIRECT_OBJC_ISA_USAGE = YES_ERROR;
				CLANG_WARN_DOCUMENTATION_COMMENTS = YES;
				CLANG_WARN_EMPTY_BODY = YES;
				CLANG_WARN_ENUM_CONVERSION = YES;
				CLANG_WARN_INFINITE_RECURSION = YES;
				CLANG_WARN_INT_CONVERSION = YES;
				CLANG_WARN_NON_LITERAL_NULL_CONVERSION = YES;
				CLANG_WARN_OBJC_IMPLICIT_RETAIN_SELF = YES;
				CLANG_WARN_OBJC_LITERAL_CONVERSION = YES;
				CLANG_WARN_OBJC_ROOT_CLASS = YES_ERROR;
				CLANG_WARN_QUOTED_INCLUDE_IN_FRAMEWORK_HEADER = YES;
				CLANG_WARN_RANGE_LOOP_ANALYSIS = YES;
				CLANG_WARN_STRICT_PROTOTYPES = YES;
				CLANG_WARN_SUSPICIOUS_MOVE = YES;
				CLANG_WARN_UNGUARDED_AVAILABILITY = YES_AGGRESSIVE;
				CLANG_WARN_UNREACHABLE_CODE = YES;
				CLANG_WARN__DUPLICATE_METHOD_MATCH = YES;
				COPY_PHASE_STRIP = NO;
				DEBUG_INFORMATION_FORMAT = dwarf;
				ENABLE_STRICT_OBJC_MSGSEND = YES;
				ENABLE_TESTABILITY = YES;
				GCC_C_LANGUAGE_STANDARD = gnu11;
				GCC_DYNAMIC_NO_PIC = NO;
				GCC_NO_COMMON_BLOCKS = YES;
				GCC_OPTIMIZATION_LEVEL = 0;
				GCC_PREPROCESSOR_DEFINITIONS = (
					"DEBUG=1",
					"$(inherited)",
				);
				GCC_WARN_64_TO_32_BIT_CONVERSION = YES;
				GCC_WARN_ABOUT_RETURN_TYPE = YES_ERROR;
				GCC_WARN_UNDECLARED_SELECTOR = YES;
				GCC_WARN_UNINITIALIZED_AUTOS = YES_AGGRESSIVE;
				GCC_WARN_UNUSED_FUNCTION = YES;
				GCC_WARN_UNUSED_VARIABLE = YES;
				IPHONEOS_DEPLOYMENT_TARGET = 16.4;
				MTL_ENABLE_DEBUG_INFO = INCLUDE_SOURCE;
				MTL_FAST_MATH = YES;
				ONLY_ACTIVE_ARCH = YES;
				SDKROOT = iphoneos;
				SWIFT_ACTIVE_COMPILATION_CONDITIONS = DEBUG;
				SWIFT_OPTIMIZATION_LEVEL = "-Onone";
			};
			name = Debug;
		};
		F883C3F22B26E84D004E94E3 /* Release */ = {
			isa = XCBuildConfiguration;
			buildSettings = {
				ALWAYS_SEARCH_USER_PATHS = NO;
				CLANG_ANALYZER_NONNULL = YES;
				CLANG_ANALYZER_NUMBER_OBJECT_CONVERSION = YES_AGGRESSIVE;
				CLANG_CXX_LANGUAGE_STANDARD = "gnu++20";
				CLANG_ENABLE_MODULES = YES;
				CLANG_ENABLE_OBJC_ARC = YES;
				CLANG_ENABLE_OBJC_WEAK = YES;
				CLANG_WARN_BLOCK_CAPTURE_AUTORELEASING = YES;
				CLANG_WARN_BOOL_CONVERSION = YES;
				CLANG_WARN_COMMA = YES;
				CLANG_WARN_CONSTANT_CONVERSION = YES;
				CLANG_WARN_DEPRECATED_OBJC_IMPLEMENTATIONS = YES;
				CLANG_WARN_DIRECT_OBJC_ISA_USAGE = YES_ERROR;
				CLANG_WARN_DOCUMENTATION_COMMENTS = YES;
				CLANG_WARN_EMPTY_BODY = YES;
				CLANG_WARN_ENUM_CONVERSION = YES;
				CLANG_WARN_INFINITE_RECURSION = YES;
				CLANG_WARN_INT_CONVERSION = YES;
				CLANG_WARN_NON_LITERAL_NULL_CONVERSION = YES;
				CLANG_WARN_OBJC_IMPLICIT_RETAIN_SELF = YES;
				CLANG_WARN_OBJC_LITERAL_CONVERSION = YES;
				CLANG_WARN_OBJC_ROOT_CLASS = YES_ERROR;
				CLANG_WARN_QUOTED_INCLUDE_IN_FRAMEWORK_HEADER = YES;
				CLANG_WARN_RANGE_LOOP_ANALYSIS = YES;
				CLANG_WARN_STRICT_PROTOTYPES = YES;
				CLANG_WARN_SUSPICIOUS_MOVE = YES;
				CLANG_WARN_UNGUARDED_AVAILABILITY = YES_AGGRESSIVE;
				CLANG_WARN_UNREACHABLE_CODE = YES;
				CLANG_WARN__DUPLICATE_METHOD_MATCH = YES;
				COPY_PHASE_STRIP = NO;
				DEBUG_INFORMATION_FORMAT = "dwarf-with-dsym";
				ENABLE_NS_ASSERTIONS = NO;
				ENABLE_STRICT_OBJC_MSGSEND = YES;
				GCC_C_LANGUAGE_STANDARD = gnu11;
				GCC_NO_COMMON_BLOCKS = YES;
				GCC_WARN_64_TO_32_BIT_CONVERSION = YES;
				GCC_WARN_ABOUT_RETURN_TYPE = YES_ERROR;
				GCC_WARN_UNDECLARED_SELECTOR = YES;
				GCC_WARN_UNINITIALIZED_AUTOS = YES_AGGRESSIVE;
				GCC_WARN_UNUSED_FUNCTION = YES;
				GCC_WARN_UNUSED_VARIABLE = YES;
				IPHONEOS_DEPLOYMENT_TARGET = 16.4;
				MTL_ENABLE_DEBUG_INFO = NO;
				MTL_FAST_MATH = YES;
				SDKROOT = iphoneos;
				SWIFT_COMPILATION_MODE = wholemodule;
				SWIFT_OPTIMIZATION_LEVEL = "-O";
				VALIDATE_PRODUCT = YES;
			};
			name = Release;
		};
		F883C3F42B26E84D004E94E3 /* Debug */ = {
			isa = XCBuildConfiguration;
			buildSettings = {
				ASSETCATALOG_COMPILER_APPICON_NAME = AppIcon;
				ASSETCATALOG_COMPILER_GLOBAL_ACCENT_COLOR_NAME = AccentColor;
				CODE_SIGN_STYLE = Automatic;
				CURRENT_PROJECT_VERSION = 1;
				DEVELOPMENT_TEAM = 4G47XHXXQX;
				GENERATE_INFOPLIST_FILE = YES;
				INFOPLIST_FILE = SpartaMyTodoList/Info.plist;
				INFOPLIST_KEY_UIApplicationSupportsIndirectInputEvents = YES;
				INFOPLIST_KEY_UILaunchStoryboardName = LaunchScreen;
				INFOPLIST_KEY_UIMainStoryboardFile = Main;
				INFOPLIST_KEY_UISupportedInterfaceOrientations_iPad = "UIInterfaceOrientationPortrait UIInterfaceOrientationPortraitUpsideDown UIInterfaceOrientationLandscapeLeft UIInterfaceOrientationLandscapeRight";
				INFOPLIST_KEY_UISupportedInterfaceOrientations_iPhone = "UIInterfaceOrientationPortrait UIInterfaceOrientationLandscapeLeft UIInterfaceOrientationLandscapeRight";
				LD_RUNPATH_SEARCH_PATHS = (
					"$(inherited)",
					"@executable_path/Frameworks",
				);
				MARKETING_VERSION = 1.0;
				PRODUCT_BUNDLE_IDENTIFIER = com.WonDongJin.SpartaMyTodoList;
				PRODUCT_NAME = "$(TARGET_NAME)";
				SWIFT_EMIT_LOC_STRINGS = YES;
				SWIFT_VERSION = 5.0;
				TARGETED_DEVICE_FAMILY = "1,2";
			};
			name = Debug;
		};
		F883C3F52B26E84D004E94E3 /* Release */ = {
			isa = XCBuildConfiguration;
			buildSettings = {
				ASSETCATALOG_COMPILER_APPICON_NAME = AppIcon;
				ASSETCATALOG_COMPILER_GLOBAL_ACCENT_COLOR_NAME = AccentColor;
				CODE_SIGN_STYLE = Automatic;
				CURRENT_PROJECT_VERSION = 1;
				DEVELOPMENT_TEAM = 4G47XHXXQX;
				GENERATE_INFOPLIST_FILE = YES;
				INFOPLIST_FILE = SpartaMyTodoList/Info.plist;
				INFOPLIST_KEY_UIApplicationSupportsIndirectInputEvents = YES;
				INFOPLIST_KEY_UILaunchStoryboardName = LaunchScreen;
				INFOPLIST_KEY_UIMainStoryboardFile = Main;
				INFOPLIST_KEY_UISupportedInterfaceOrientations_iPad = "UIInterfaceOrientationPortrait UIInterfaceOrientationPortraitUpsideDown UIInterfaceOrientationLandscapeLeft UIInterfaceOrientationLandscapeRight";
				INFOPLIST_KEY_UISupportedInterfaceOrientations_iPhone = "UIInterfaceOrientationPortrait UIInterfaceOrientationLandscapeLeft UIInterfaceOrientationLandscapeRight";
				LD_RUNPATH_SEARCH_PATHS = (
					"$(inherited)",
					"@executable_path/Frameworks",
				);
				MARKETING_VERSION = 1.0;
				PRODUCT_BUNDLE_IDENTIFIER = com.WonDongJin.SpartaMyTodoList;
				PRODUCT_NAME = "$(TARGET_NAME)";
				SWIFT_EMIT_LOC_STRINGS = YES;
				SWIFT_VERSION = 5.0;
				TARGETED_DEVICE_FAMILY = "1,2";
			};
			name = Release;
		};
		F883C3F72B26E84D004E94E3 /* Debug */ = {
			isa = XCBuildConfiguration;
			buildSettings = {
				ALWAYS_EMBED_SWIFT_STANDARD_LIBRARIES = YES;
				BUNDLE_LOADER = "$(TEST_HOST)";
				CODE_SIGN_STYLE = Automatic;
				CURRENT_PROJECT_VERSION = 1;
				DEVELOPMENT_TEAM = 4G47XHXXQX;
				GENERATE_INFOPLIST_FILE = YES;
				IPHONEOS_DEPLOYMENT_TARGET = 16.4;
				MARKETING_VERSION = 1.0;
				PRODUCT_BUNDLE_IDENTIFIER = com.WonDongJin.SpartaMyTodoListTests;
				PRODUCT_NAME = "$(TARGET_NAME)";
				SWIFT_EMIT_LOC_STRINGS = NO;
				SWIFT_VERSION = 5.0;
				TARGETED_DEVICE_FAMILY = "1,2";
				TEST_HOST = "$(BUILT_PRODUCTS_DIR)/SpartaMyTodoList.app/$(BUNDLE_EXECUTABLE_FOLDER_PATH)/SpartaMyTodoList";
			};
			name = Debug;
		};
		F883C3F82B26E84D004E94E3 /* Release */ = {
			isa = XCBuildConfiguration;
			buildSettings = {
				ALWAYS_EMBED_SWIFT_STANDARD_LIBRARIES = YES;
				BUNDLE_LOADER = "$(TEST_HOST)";
				CODE_SIGN_STYLE = Automatic;
				CURRENT_PROJECT_VERSION = 1;
				DEVELOPMENT_TEAM = 4G47XHXXQX;
				GENERATE_INFOPLIST_FILE = YES;
				IPHONEOS_DEPLOYMENT_TARGET = 16.4;
				MARKETING_VERSION = 1.0;
				PRODUCT_BUNDLE_IDENTIFIER = com.WonDongJin.SpartaMyTodoListTests;
				PRODUCT_NAME = "$(TARGET_NAME)";
				SWIFT_EMIT_LOC_STRINGS = NO;
				SWIFT_VERSION = 5.0;
				TARGETED_DEVICE_FAMILY = "1,2";
				TEST_HOST = "$(BUILT_PRODUCTS_DIR)/SpartaMyTodoList.app/$(BUNDLE_EXECUTABLE_FOLDER_PATH)/SpartaMyTodoList";
			};
			name = Release;
		};
		F883C3FA2B26E84D004E94E3 /* Debug */ = {
			isa = XCBuildConfiguration;
			buildSettings = {
				ALWAYS_EMBED_SWIFT_STANDARD_LIBRARIES = YES;
				CODE_SIGN_STYLE = Automatic;
				CURRENT_PROJECT_VERSION = 1;
				DEVELOPMENT_TEAM = 4G47XHXXQX;
				GENERATE_INFOPLIST_FILE = YES;
				MARKETING_VERSION = 1.0;
				PRODUCT_BUNDLE_IDENTIFIER = com.WonDongJin.SpartaMyTodoListUITests;
				PRODUCT_NAME = "$(TARGET_NAME)";
				SWIFT_EMIT_LOC_STRINGS = NO;
				SWIFT_VERSION = 5.0;
				TARGETED_DEVICE_FAMILY = "1,2";
				TEST_TARGET_NAME = SpartaMyTodoList;
			};
			name = Debug;
		};
		F883C3FB2B26E84D004E94E3 /* Release */ = {
			isa = XCBuildConfiguration;
			buildSettings = {
				ALWAYS_EMBED_SWIFT_STANDARD_LIBRARIES = YES;
				CODE_SIGN_STYLE = Automatic;
				CURRENT_PROJECT_VERSION = 1;
				DEVELOPMENT_TEAM = 4G47XHXXQX;
				GENERATE_INFOPLIST_FILE = YES;
				MARKETING_VERSION = 1.0;
				PRODUCT_BUNDLE_IDENTIFIER = com.WonDongJin.SpartaMyTodoListUITests;
				PRODUCT_NAME = "$(TARGET_NAME)";
				SWIFT_EMIT_LOC_STRINGS = NO;
				SWIFT_VERSION = 5.0;
				TARGETED_DEVICE_FAMILY = "1,2";
				TEST_TARGET_NAME = SpartaMyTodoList;
			};
			name = Release;
		};
/* End XCBuildConfiguration section */

/* Begin XCConfigurationList section */
		F883C3C42B26E84C004E94E3 /* Build configuration list for PBXProject "SpartaMyTodoList" */ = {
			isa = XCConfigurationList;
			buildConfigurations = (
				F883C3F12B26E84D004E94E3 /* Debug */,
				F883C3F22B26E84D004E94E3 /* Release */,
			);
			defaultConfigurationIsVisible = 0;
			defaultConfigurationName = Release;
		};
		F883C3F32B26E84D004E94E3 /* Build configuration list for PBXNativeTarget "SpartaMyTodoList" */ = {
			isa = XCConfigurationList;
			buildConfigurations = (
				F883C3F42B26E84D004E94E3 /* Debug */,
				F883C3F52B26E84D004E94E3 /* Release */,
			);
			defaultConfigurationIsVisible = 0;
			defaultConfigurationName = Release;
		};
		F883C3F62B26E84D004E94E3 /* Build configuration list for PBXNativeTarget "SpartaMyTodoListTests" */ = {
			isa = XCConfigurationList;
			buildConfigurations = (
				F883C3F72B26E84D004E94E3 /* Debug */,
				F883C3F82B26E84D004E94E3 /* Release */,
			);
			defaultConfigurationIsVisible = 0;
			defaultConfigurationName = Release;
		};
		F883C3F92B26E84D004E94E3 /* Build configuration list for PBXNativeTarget "SpartaMyTodoListUITests" */ = {
			isa = XCConfigurationList;
			buildConfigurations = (
				F883C3FA2B26E84D004E94E3 /* Debug */,
				F883C3FB2B26E84D004E94E3 /* Release */,
			);
			defaultConfigurationIsVisible = 0;
			defaultConfigurationName = Release;
		};
/* End XCConfigurationList section */
	};
	rootObject = F883C3C12B26E84C004E94E3 /* Project object */;
}
