// !$*UTF8*$!
{
	archiveVersion = 1;
	classes = {
	};
	objectVersion = 56;
	objects = {

/* Begin PBXBuildFile section */
		F821D11C2B67A88700BDFFF0 /* PictureCollectionViewCell.swift in Sources */ = {isa = PBXBuildFile; fileRef = F821D11B2B67A88700BDFFF0 /* PictureCollectionViewCell.swift */; };
		F821D11E2B67B01400BDFFF0 /* ProfileDesignTabBarController.swift in Sources */ = {isa = PBXBuildFile; fileRef = F821D11D2B67B01400BDFFF0 /* ProfileDesignTabBarController.swift */; };
		F821D1202B67B2CF00BDFFF0 /* UIColor+Extension.swift in Sources */ = {isa = PBXBuildFile; fileRef = F821D11F2B67B2CF00BDFFF0 /* UIColor+Extension.swift */; };
		F821D1232B67BA5900BDFFF0 /* ProfileViewController.swift in Sources */ = {isa = PBXBuildFile; fileRef = F821D1222B67BA5900BDFFF0 /* ProfileViewController.swift */; };
		F821D1272B67BB2800BDFFF0 /* UseCoreDataViewController.swift in Sources */ = {isa = PBXBuildFile; fileRef = F821D1262B67BB2800BDFFF0 /* UseCoreDataViewController.swift */; };
		F825A28A2B34445400041B32 /* String+Extension.swift in Sources */ = {isa = PBXBuildFile; fileRef = F825A2892B34445400041B32 /* String+Extension.swift */; };
		F825A28C2B34445E00041B32 /* Date+Extensino.swift in Sources */ = {isa = PBXBuildFile; fileRef = F825A28B2B34445E00041B32 /* Date+Extensino.swift */; };
		F8278B272B6B71AB00B3AC10 /* RandomVideoViewController.swift in Sources */ = {isa = PBXBuildFile; fileRef = F8278B262B6B71AB00B3AC10 /* RandomVideoViewController.swift */; };
		F8278B292B6B742600B3AC10 /* VideoManager.swift in Sources */ = {isa = PBXBuildFile; fileRef = F8278B282B6B742600B3AC10 /* VideoManager.swift */; };
		F8278B2C2B6B751200B3AC10 /* Movie.swift in Sources */ = {isa = PBXBuildFile; fileRef = F8278B2B2B6B751200B3AC10 /* Movie.swift */; };
		F8303FEC2B6255E100FD7D14 /* UserInfo.swift in Sources */ = {isa = PBXBuildFile; fileRef = F8303FEB2B6255E100FD7D14 /* UserInfo.swift */; };
		F8303FEF2B62591D00FD7D14 /* UILabel+Extension.swift in Sources */ = {isa = PBXBuildFile; fileRef = F8303FEE2B62591D00FD7D14 /* UILabel+Extension.swift */; };
		F8303FF12B62600E00FD7D14 /* MiddelBarView.swift in Sources */ = {isa = PBXBuildFile; fileRef = F8303FF02B62600E00FD7D14 /* MiddelBarView.swift */; };
		F862C8122B62292A008120FA /* UIImageView+Extension.swift in Sources */ = {isa = PBXBuildFile; fileRef = F862C8112B62292A008120FA /* UIImageView+Extension.swift */; };
		F862C8142B622955008120FA /* UIView+Extension.swift in Sources */ = {isa = PBXBuildFile; fileRef = F862C8132B622955008120FA /* UIView+Extension.swift */; };
		F862C8162B622964008120FA /* UIStackView+Extension.swift in Sources */ = {isa = PBXBuildFile; fileRef = F862C8152B622964008120FA /* UIStackView+Extension.swift */; };
		F883C3CD2B26E84C004E94E3 /* AppDelegate.swift in Sources */ = {isa = PBXBuildFile; fileRef = F883C3CC2B26E84C004E94E3 /* AppDelegate.swift */; };
		F883C3CF2B26E84C004E94E3 /* SceneDelegate.swift in Sources */ = {isa = PBXBuildFile; fileRef = F883C3CE2B26E84C004E94E3 /* SceneDelegate.swift */; };
		F883C3D12B26E84C004E94E3 /* TodoListVC.swift in Sources */ = {isa = PBXBuildFile; fileRef = F883C3D02B26E84C004E94E3 /* TodoListVC.swift */; };
		F883C3D62B26E84D004E94E3 /* Assets.xcassets in Resources */ = {isa = PBXBuildFile; fileRef = F883C3D52B26E84D004E94E3 /* Assets.xcassets */; };
		F883C3D92B26E84D004E94E3 /* LaunchScreen.storyboard in Resources */ = {isa = PBXBuildFile; fileRef = F883C3D72B26E84D004E94E3 /* LaunchScreen.storyboard */; };
		F883C3E42B26E84D004E94E3 /* SpartaMyTodoListTests.swift in Sources */ = {isa = PBXBuildFile; fileRef = F883C3E32B26E84D004E94E3 /* SpartaMyTodoListTests.swift */; };
		F883C3EE2B26E84D004E94E3 /* SpartaMyTodoListUITests.swift in Sources */ = {isa = PBXBuildFile; fileRef = F883C3ED2B26E84D004E94E3 /* SpartaMyTodoListUITests.swift */; };
		F883C3F02B26E84D004E94E3 /* SpartaMyTodoListUITestsLaunchTests.swift in Sources */ = {isa = PBXBuildFile; fileRef = F883C3EF2B26E84D004E94E3 /* SpartaMyTodoListUITestsLaunchTests.swift */; };
		F8871E962B4BE14D00262155 /* TodoListHeader.swift in Sources */ = {isa = PBXBuildFile; fileRef = F8871E952B4BE14D00262155 /* TodoListHeader.swift */; };
		F8871E982B4BEA9200262155 /* TodoListManager.swift in Sources */ = {isa = PBXBuildFile; fileRef = F8871E972B4BEA9200262155 /* TodoListManager.swift */; };
		F88A1DB72B63A86600CB2846 /* OpenSans-Italic-VariableFont_wdth,wght.ttf in Resources */ = {isa = PBXBuildFile; fileRef = F88A1DB52B63A86600CB2846 /* OpenSans-Italic-VariableFont_wdth,wght.ttf */; };
		F88A1DB82B63A86600CB2846 /* OpenSans-VariableFont_wdth,wght.ttf in Resources */ = {isa = PBXBuildFile; fileRef = F88A1DB62B63A86600CB2846 /* OpenSans-VariableFont_wdth,wght.ttf */; };
		F88A1DBA2B63A8F600CB2846 /* OpenSans.swift in Sources */ = {isa = PBXBuildFile; fileRef = F88A1DB92B63A8F600CB2846 /* OpenSans.swift */; };
		F8928B722B6246C2004DD6A6 /* UserInfoView.swift in Sources */ = {isa = PBXBuildFile; fileRef = F8928B712B6246C2004DD6A6 /* UserInfoView.swift */; };
		F8AAFEAC2B6A4ADF0093BB3B /* CoreDataManger.swift in Sources */ = {isa = PBXBuildFile; fileRef = F8AAFEAB2B6A4ADF0093BB3B /* CoreDataManger.swift */; };
		F8B128B62B621DED00680E78 /* ProfileDesignVC.swift in Sources */ = {isa = PBXBuildFile; fileRef = F8B128B52B621DED00680E78 /* ProfileDesignVC.swift */; };
		F8B601252B4D292F00401E1D /* MainVC.swift in Sources */ = {isa = PBXBuildFile; fileRef = F8B601242B4D292F00401E1D /* MainVC.swift */; };
		F8B601272B4D30A100401E1D /* PetVC.swift in Sources */ = {isa = PBXBuildFile; fileRef = F8B601262B4D30A100401E1D /* PetVC.swift */; };
		F8B601292B4D30F800401E1D /* UIViewController+Extension.swift in Sources */ = {isa = PBXBuildFile; fileRef = F8B601282B4D30F800401E1D /* UIViewController+Extension.swift */; };
		F8B6012C2B4D32B400401E1D /* CatDataManager.swift in Sources */ = {isa = PBXBuildFile; fileRef = F8B6012B2B4D32B400401E1D /* CatDataManager.swift */; };
		F8B6012E2B4D34C500401E1D /* CatDataModel.swift in Sources */ = {isa = PBXBuildFile; fileRef = F8B6012D2B4D34C500401E1D /* CatDataModel.swift */; };
		F8B601342B4D493800401E1D /* TodoListCompletedVC.swift in Sources */ = {isa = PBXBuildFile; fileRef = F8B601332B4D493800401E1D /* TodoListCompletedVC.swift */; };
		F8B601362B4D4C6500401E1D /* TodoListCompletedTVC.swift in Sources */ = {isa = PBXBuildFile; fileRef = F8B601352B4D4C6500401E1D /* TodoListCompletedTVC.swift */; };
		F8B601382B4D4E6300401E1D /* TodoListCompletedModl.swift in Sources */ = {isa = PBXBuildFile; fileRef = F8B601372B4D4E6300401E1D /* TodoListCompletedModl.swift */; };
		F8D288F12B50F99A00A25A8A /* NetWorkError.swift in Sources */ = {isa = PBXBuildFile; fileRef = F8D288F02B50F99A00A25A8A /* NetWorkError.swift */; };
		F8D766692B26FCCC00F7B402 /* TodoListTVC.swift in Sources */ = {isa = PBXBuildFile; fileRef = F8D766682B26FCCC00F7B402 /* TodoListTVC.swift */; };
		F8D7666C2B26FE2300F7B402 /* SnapKit in Frameworks */ = {isa = PBXBuildFile; productRef = F8D7666B2B26FE2300F7B402 /* SnapKit */; };
		F8D7666E2B26FE3F00F7B402 /* TodoListModel.swift in Sources */ = {isa = PBXBuildFile; fileRef = F8D7666D2B26FE3F00F7B402 /* TodoListModel.swift */; };
		F8EED3032B68FD8300AA41E7 /* ProfileModel.swift in Sources */ = {isa = PBXBuildFile; fileRef = F8EED3022B68FD8300AA41E7 /* ProfileModel.swift */; };
		F8EED3052B68FDD500AA41E7 /* ProfileView.swift in Sources */ = {isa = PBXBuildFile; fileRef = F8EED3042B68FDD500AA41E7 /* ProfileView.swift */; };
		F8EED3082B6A0D3000AA41E7 /* TaskCollectionViewCell.swift in Sources */ = {isa = PBXBuildFile; fileRef = F8EED3072B6A0D3000AA41E7 /* TaskCollectionViewCell.swift */; };
		F8EED30E2B6A124100AA41E7 /* TaskModel.xcdatamodeld in Sources */ = {isa = PBXBuildFile; fileRef = F8EED30C2B6A124100AA41E7 /* TaskModel.xcdatamodeld */; };
/* End PBXBuildFile section */

/* Begin PBXContainerItemProxy section */
		F883C3E02B26E84D004E94E3 /* PBXContainerItemProxy */ = {
			isa = PBXContainerItemProxy;
			containerPortal = F883C3C12B26E84C004E94E3 /* Project object */;
			proxyType = 1;
			remoteGlobalIDString = F883C3C82B26E84C004E94E3;
			remoteInfo = SpartaMyTodoList;
		};
		F883C3EA2B26E84D004E94E3 /* PBXContainerItemProxy */ = {
			isa = PBXContainerItemProxy;
			containerPortal = F883C3C12B26E84C004E94E3 /* Project object */;
			proxyType = 1;
			remoteGlobalIDString = F883C3C82B26E84C004E94E3;
			remoteInfo = SpartaMyTodoList;
		};
/* End PBXContainerItemProxy section */

/* Begin PBXFileReference section */
		F821D11B2B67A88700BDFFF0 /* PictureCollectionViewCell.swift */ = {isa = PBXFileReference; lastKnownFileType = sourcecode.swift; path = PictureCollectionViewCell.swift; sourceTree = "<group>"; };
		F821D11D2B67B01400BDFFF0 /* ProfileDesignTabBarController.swift */ = {isa = PBXFileReference; lastKnownFileType = sourcecode.swift; path = ProfileDesignTabBarController.swift; sourceTree = "<group>"; };
		F821D11F2B67B2CF00BDFFF0 /* UIColor+Extension.swift */ = {isa = PBXFileReference; lastKnownFileType = sourcecode.swift; path = "UIColor+Extension.swift"; sourceTree = "<group>"; };
		F821D1222B67BA5900BDFFF0 /* ProfileViewController.swift */ = {isa = PBXFileReference; lastKnownFileType = sourcecode.swift; path = ProfileViewController.swift; sourceTree = "<group>"; };
		F821D1262B67BB2800BDFFF0 /* UseCoreDataViewController.swift */ = {isa = PBXFileReference; lastKnownFileType = sourcecode.swift; path = UseCoreDataViewController.swift; sourceTree = "<group>"; };
		F825A2892B34445400041B32 /* String+Extension.swift */ = {isa = PBXFileReference; lastKnownFileType = sourcecode.swift; path = "String+Extension.swift"; sourceTree = "<group>"; };
		F825A28B2B34445E00041B32 /* Date+Extensino.swift */ = {isa = PBXFileReference; lastKnownFileType = sourcecode.swift; path = "Date+Extensino.swift"; sourceTree = "<group>"; };
		F8278B262B6B71AB00B3AC10 /* RandomVideoViewController.swift */ = {isa = PBXFileReference; lastKnownFileType = sourcecode.swift; path = RandomVideoViewController.swift; sourceTree = "<group>"; };
		F8278B282B6B742600B3AC10 /* VideoManager.swift */ = {isa = PBXFileReference; lastKnownFileType = sourcecode.swift; path = VideoManager.swift; sourceTree = "<group>"; };
		F8278B2B2B6B751200B3AC10 /* Movie.swift */ = {isa = PBXFileReference; lastKnownFileType = sourcecode.swift; path = Movie.swift; sourceTree = "<group>"; };
		F8303FEB2B6255E100FD7D14 /* UserInfo.swift */ = {isa = PBXFileReference; lastKnownFileType = sourcecode.swift; path = UserInfo.swift; sourceTree = "<group>"; };
		F8303FEE2B62591D00FD7D14 /* UILabel+Extension.swift */ = {isa = PBXFileReference; lastKnownFileType = sourcecode.swift; path = "UILabel+Extension.swift"; sourceTree = "<group>"; };
		F8303FF02B62600E00FD7D14 /* MiddelBarView.swift */ = {isa = PBXFileReference; lastKnownFileType = sourcecode.swift; path = MiddelBarView.swift; sourceTree = "<group>"; };
		F862C8112B62292A008120FA /* UIImageView+Extension.swift */ = {isa = PBXFileReference; lastKnownFileType = sourcecode.swift; path = "UIImageView+Extension.swift"; sourceTree = "<group>"; };
		F862C8132B622955008120FA /* UIView+Extension.swift */ = {isa = PBXFileReference; lastKnownFileType = sourcecode.swift; path = "UIView+Extension.swift"; sourceTree = "<group>"; };
		F862C8152B622964008120FA /* UIStackView+Extension.swift */ = {isa = PBXFileReference; lastKnownFileType = sourcecode.swift; path = "UIStackView+Extension.swift"; sourceTree = "<group>"; };
		F883C3C92B26E84C004E94E3 /* IndividualTask.app */ = {isa = PBXFileReference; explicitFileType = wrapper.application; includeInIndex = 0; path = IndividualTask.app; sourceTree = BUILT_PRODUCTS_DIR; };
		F883C3CC2B26E84C004E94E3 /* AppDelegate.swift */ = {isa = PBXFileReference; lastKnownFileType = sourcecode.swift; path = AppDelegate.swift; sourceTree = "<group>"; };
		F883C3CE2B26E84C004E94E3 /* SceneDelegate.swift */ = {isa = PBXFileReference; lastKnownFileType = sourcecode.swift; path = SceneDelegate.swift; sourceTree = "<group>"; };
		F883C3D02B26E84C004E94E3 /* TodoListVC.swift */ = {isa = PBXFileReference; lastKnownFileType = sourcecode.swift; path = TodoListVC.swift; sourceTree = "<group>"; };
		F883C3D52B26E84D004E94E3 /* Assets.xcassets */ = {isa = PBXFileReference; lastKnownFileType = folder.assetcatalog; path = Assets.xcassets; sourceTree = "<group>"; };
		F883C3D82B26E84D004E94E3 /* Base */ = {isa = PBXFileReference; lastKnownFileType = file.storyboard; name = Base; path = Base.lproj/LaunchScreen.storyboard; sourceTree = "<group>"; };
		F883C3DA2B26E84D004E94E3 /* Info.plist */ = {isa = PBXFileReference; lastKnownFileType = text.plist.xml; path = Info.plist; sourceTree = "<group>"; };
		F883C3DF2B26E84D004E94E3 /* IndividualTaskTests.xctest */ = {isa = PBXFileReference; explicitFileType = wrapper.cfbundle; includeInIndex = 0; path = IndividualTaskTests.xctest; sourceTree = BUILT_PRODUCTS_DIR; };
		F883C3E32B26E84D004E94E3 /* SpartaMyTodoListTests.swift */ = {isa = PBXFileReference; lastKnownFileType = sourcecode.swift; path = SpartaMyTodoListTests.swift; sourceTree = "<group>"; };
		F883C3E92B26E84D004E94E3 /* IndividualTaskUITests.xctest */ = {isa = PBXFileReference; explicitFileType = wrapper.cfbundle; includeInIndex = 0; path = IndividualTaskUITests.xctest; sourceTree = BUILT_PRODUCTS_DIR; };
		F883C3ED2B26E84D004E94E3 /* SpartaMyTodoListUITests.swift */ = {isa = PBXFileReference; lastKnownFileType = sourcecode.swift; path = SpartaMyTodoListUITests.swift; sourceTree = "<group>"; };
		F883C3EF2B26E84D004E94E3 /* SpartaMyTodoListUITestsLaunchTests.swift */ = {isa = PBXFileReference; lastKnownFileType = sourcecode.swift; path = SpartaMyTodoListUITestsLaunchTests.swift; sourceTree = "<group>"; };
		F8871E952B4BE14D00262155 /* TodoListHeader.swift */ = {isa = PBXFileReference; lastKnownFileType = sourcecode.swift; path = TodoListHeader.swift; sourceTree = "<group>"; };
		F8871E972B4BEA9200262155 /* TodoListManager.swift */ = {isa = PBXFileReference; lastKnownFileType = sourcecode.swift; path = TodoListManager.swift; sourceTree = "<group>"; };
		F88A1DB52B63A86600CB2846 /* OpenSans-Italic-VariableFont_wdth,wght.ttf */ = {isa = PBXFileReference; lastKnownFileType = file; path = "OpenSans-Italic-VariableFont_wdth,wght.ttf"; sourceTree = "<group>"; };
		F88A1DB62B63A86600CB2846 /* OpenSans-VariableFont_wdth,wght.ttf */ = {isa = PBXFileReference; lastKnownFileType = file; path = "OpenSans-VariableFont_wdth,wght.ttf"; sourceTree = "<group>"; };
		F88A1DB92B63A8F600CB2846 /* OpenSans.swift */ = {isa = PBXFileReference; lastKnownFileType = sourcecode.swift; path = OpenSans.swift; sourceTree = "<group>"; };
		F8928B712B6246C2004DD6A6 /* UserInfoView.swift */ = {isa = PBXFileReference; lastKnownFileType = sourcecode.swift; path = UserInfoView.swift; sourceTree = "<group>"; };
		F8AAFEAB2B6A4ADF0093BB3B /* CoreDataManger.swift */ = {isa = PBXFileReference; lastKnownFileType = sourcecode.swift; path = CoreDataManger.swift; sourceTree = "<group>"; };
		F8B128B52B621DED00680E78 /* ProfileDesignVC.swift */ = {isa = PBXFileReference; lastKnownFileType = sourcecode.swift; path = ProfileDesignVC.swift; sourceTree = "<group>"; };
		F8B601242B4D292F00401E1D /* MainVC.swift */ = {isa = PBXFileReference; lastKnownFileType = sourcecode.swift; path = MainVC.swift; sourceTree = "<group>"; };
		F8B601262B4D30A100401E1D /* PetVC.swift */ = {isa = PBXFileReference; lastKnownFileType = sourcecode.swift; path = PetVC.swift; sourceTree = "<group>"; };
		F8B601282B4D30F800401E1D /* UIViewController+Extension.swift */ = {isa = PBXFileReference; lastKnownFileType = sourcecode.swift; path = "UIViewController+Extension.swift"; sourceTree = "<group>"; };
		F8B6012B2B4D32B400401E1D /* CatDataManager.swift */ = {isa = PBXFileReference; lastKnownFileType = sourcecode.swift; path = CatDataManager.swift; sourceTree = "<group>"; };
		F8B6012D2B4D34C500401E1D /* CatDataModel.swift */ = {isa = PBXFileReference; lastKnownFileType = sourcecode.swift; path = CatDataModel.swift; sourceTree = "<group>"; };
		F8B601332B4D493800401E1D /* TodoListCompletedVC.swift */ = {isa = PBXFileReference; lastKnownFileType = sourcecode.swift; path = TodoListCompletedVC.swift; sourceTree = "<group>"; };
		F8B601352B4D4C6500401E1D /* TodoListCompletedTVC.swift */ = {isa = PBXFileReference; lastKnownFileType = sourcecode.swift; path = TodoListCompletedTVC.swift; sourceTree = "<group>"; };
		F8B601372B4D4E6300401E1D /* TodoListCompletedModl.swift */ = {isa = PBXFileReference; lastKnownFileType = sourcecode.swift; path = TodoListCompletedModl.swift; sourceTree = "<group>"; };
		F8D288F02B50F99A00A25A8A /* NetWorkError.swift */ = {isa = PBXFileReference; lastKnownFileType = sourcecode.swift; path = NetWorkError.swift; sourceTree = "<group>"; };
		F8D766682B26FCCC00F7B402 /* TodoListTVC.swift */ = {isa = PBXFileReference; lastKnownFileType = sourcecode.swift; path = TodoListTVC.swift; sourceTree = "<group>"; };
		F8D7666D2B26FE3F00F7B402 /* TodoListModel.swift */ = {isa = PBXFileReference; lastKnownFileType = sourcecode.swift; path = TodoListModel.swift; sourceTree = "<group>"; };
		F8EED3022B68FD8300AA41E7 /* ProfileModel.swift */ = {isa = PBXFileReference; lastKnownFileType = sourcecode.swift; path = ProfileModel.swift; sourceTree = "<group>"; };
		F8EED3042B68FDD500AA41E7 /* ProfileView.swift */ = {isa = PBXFileReference; lastKnownFileType = sourcecode.swift; path = ProfileView.swift; sourceTree = "<group>"; };
		F8EED3072B6A0D3000AA41E7 /* TaskCollectionViewCell.swift */ = {isa = PBXFileReference; lastKnownFileType = sourcecode.swift; path = TaskCollectionViewCell.swift; sourceTree = "<group>"; };
		F8EED30D2B6A124100AA41E7 /* TaskModel.xcdatamodel */ = {isa = PBXFileReference; lastKnownFileType = wrapper.xcdatamodel; path = TaskModel.xcdatamodel; sourceTree = "<group>"; };
/* End PBXFileReference section */

/* Begin PBXFrameworksBuildPhase section */
		F883C3C62B26E84C004E94E3 /* Frameworks */ = {
			isa = PBXFrameworksBuildPhase;
			buildActionMask = 2147483647;
			files = (
				F8D7666C2B26FE2300F7B402 /* SnapKit in Frameworks */,
			);
			runOnlyForDeploymentPostprocessing = 0;
		};
		F883C3DC2B26E84D004E94E3 /* Frameworks */ = {
			isa = PBXFrameworksBuildPhase;
			buildActionMask = 2147483647;
			files = (
			);
			runOnlyForDeploymentPostprocessing = 0;
		};
		F883C3E62B26E84D004E94E3 /* Frameworks */ = {
			isa = PBXFrameworksBuildPhase;
			buildActionMask = 2147483647;
			files = (
			);
			runOnlyForDeploymentPostprocessing = 0;
		};
/* End PBXFrameworksBuildPhase section */

/* Begin PBXGroup section */
		F821D1212B67BA2A00BDFFF0 /* Profile */ = {
			isa = PBXGroup;
			children = (
				F8EED3002B68FD6800AA41E7 /* Controller */,
				F8EED2FF2B68FD5F00AA41E7 /* View */,
				F8EED2FE2B68FCD400AA41E7 /* Model */,
			);
			path = Profile;
			sourceTree = "<group>";
		};
		F821D1242B67BA6A00BDFFF0 /* UseCoreData-LV3 */ = {
			isa = PBXGroup;
			children = (
				F8AAFEAD2B6A592B0093BB3B /* Model */,
				F8EED3062B6A0D0800AA41E7 /* ViewComponent */,
				F8AAFEAE2B6A59330093BB3B /* Controller */,
			);
			path = "UseCoreData-LV3";
			sourceTree = "<group>";
		};
		F821D1282B67BB6A00BDFFF0 /* Main */ = {
			isa = PBXGroup;
			children = (
				F8B601242B4D292F00401E1D /* MainVC.swift */,
			);
			path = Main;
			sourceTree = "<group>";
		};
		F825A2882B3443AB00041B32 /* Extension */ = {
			isa = PBXGroup;
			children = (
				F825A2892B34445400041B32 /* String+Extension.swift */,
				F825A28B2B34445E00041B32 /* Date+Extensino.swift */,
				F8B601282B4D30F800401E1D /* UIViewController+Extension.swift */,
				F862C8112B62292A008120FA /* UIImageView+Extension.swift */,
				F862C8132B622955008120FA /* UIView+Extension.swift */,
				F862C8152B622964008120FA /* UIStackView+Extension.swift */,
				F8303FEE2B62591D00FD7D14 /* UILabel+Extension.swift */,
				F821D11F2B67B2CF00BDFFF0 /* UIColor+Extension.swift */,
			);
			path = Extension;
			sourceTree = "<group>";
		};
		F8278B252B6B718300B3AC10 /* RandomVideoViewController */ = {
			isa = PBXGroup;
			children = (
				F8278B2A2B6B750600B3AC10 /* Model */,
				F8278B262B6B71AB00B3AC10 /* RandomVideoViewController.swift */,
			);
			path = RandomVideoViewController;
			sourceTree = "<group>";
		};
		F8278B2A2B6B750600B3AC10 /* Model */ = {
			isa = PBXGroup;
			children = (
				F8278B2B2B6B751200B3AC10 /* Movie.swift */,
				F8278B282B6B742600B3AC10 /* VideoManager.swift */,
			);
			path = Model;
			sourceTree = "<group>";
		};
		F8303FE92B6255D000FD7D14 /* Model */ = {
			isa = PBXGroup;
			children = (
				F8303FEB2B6255E100FD7D14 /* UserInfo.swift */,
			);
			path = Model;
			sourceTree = "<group>";
		};
		F8303FED2B6257A300FD7D14 /* ViewComponent */ = {
			isa = PBXGroup;
			children = (
				F8928B712B6246C2004DD6A6 /* UserInfoView.swift */,
				F8303FF02B62600E00FD7D14 /* MiddelBarView.swift */,
				F821D11B2B67A88700BDFFF0 /* PictureCollectionViewCell.swift */,
			);
			path = ViewComponent;
			sourceTree = "<group>";
		};
		F8612DA42B316CCD00F638F1 /* Model */ = {
			isa = PBXGroup;
			children = (
				F8B6012D2B4D34C500401E1D /* CatDataModel.swift */,
			);
			path = Model;
			sourceTree = "<group>";
		};
		F8612DA52B316CD800F638F1 /* Pet */ = {
			isa = PBXGroup;
			children = (
				F8B128B32B621DB200680E78 /* VC */,
				F8612DA42B316CCD00F638F1 /* Model */,
				F8B6012A2B4D328B00401E1D /* Service */,
			);
			path = Pet;
			sourceTree = "<group>";
		};
		F883C3C02B26E84C004E94E3 = {
			isa = PBXGroup;
			children = (
				F883C3CB2B26E84C004E94E3 /* IndividualTask */,
				F883C3E22B26E84D004E94E3 /* SpartaMyTodoListTests */,
				F883C3EC2B26E84D004E94E3 /* SpartaMyTodoListUITests */,
				F883C3CA2B26E84C004E94E3 /* Products */,
			);
			sourceTree = "<group>";
		};
		F883C3CA2B26E84C004E94E3 /* Products */ = {
			isa = PBXGroup;
			children = (
				F883C3C92B26E84C004E94E3 /* IndividualTask.app */,
				F883C3DF2B26E84D004E94E3 /* IndividualTaskTests.xctest */,
				F883C3E92B26E84D004E94E3 /* IndividualTaskUITests.xctest */,
			);
			name = Products;
			sourceTree = "<group>";
		};
		F883C3CB2B26E84C004E94E3 /* IndividualTask */ = {
			isa = PBXGroup;
			children = (
				F883C3CC2B26E84C004E94E3 /* AppDelegate.swift */,
				F883C3CE2B26E84C004E94E3 /* SceneDelegate.swift */,
				F883C3D52B26E84D004E94E3 /* Assets.xcassets */,
				F883C3D72B26E84D004E94E3 /* LaunchScreen.storyboard */,
				F883C3DA2B26E84D004E94E3 /* Info.plist */,
				F88A1DB22B63A83D00CB2846 /* Font */,
				F825A2882B3443AB00041B32 /* Extension */,
				F821D1282B67BB6A00BDFFF0 /* Main */,
				F8B128AE2B621D2200680E78 /* TodoList */,
				F8612DA52B316CD800F638F1 /* Pet */,
				F8B128B42B621DBE00680E78 /* ProfileDesign */,
				F821D1212B67BA2A00BDFFF0 /* Profile */,
				F821D1242B67BA6A00BDFFF0 /* UseCoreData-LV3 */,
				F8278B252B6B718300B3AC10 /* RandomVideoViewController */,
			);
			path = IndividualTask;
			sourceTree = "<group>";
		};
		F883C3E22B26E84D004E94E3 /* SpartaMyTodoListTests */ = {
			isa = PBXGroup;
			children = (
				F883C3E32B26E84D004E94E3 /* SpartaMyTodoListTests.swift */,
			);
			path = SpartaMyTodoListTests;
			sourceTree = "<group>";
		};
		F883C3EC2B26E84D004E94E3 /* SpartaMyTodoListUITests */ = {
			isa = PBXGroup;
			children = (
				F883C3ED2B26E84D004E94E3 /* SpartaMyTodoListUITests.swift */,
				F883C3EF2B26E84D004E94E3 /* SpartaMyTodoListUITestsLaunchTests.swift */,
			);
			path = SpartaMyTodoListUITests;
			sourceTree = "<group>";
		};
		F88A1DB22B63A83D00CB2846 /* Font */ = {
			isa = PBXGroup;
			children = (
				F88A1DB52B63A86600CB2846 /* OpenSans-Italic-VariableFont_wdth,wght.ttf */,
				F88A1DB62B63A86600CB2846 /* OpenSans-VariableFont_wdth,wght.ttf */,
				F88A1DB92B63A8F600CB2846 /* OpenSans.swift */,
			);
			path = Font;
			sourceTree = "<group>";
		};
		F8AAFEAD2B6A592B0093BB3B /* Model */ = {
			isa = PBXGroup;
			children = (
				F8EED30C2B6A124100AA41E7 /* TaskModel.xcdatamodeld */,
				F8AAFEAB2B6A4ADF0093BB3B /* CoreDataManger.swift */,
			);
			path = Model;
			sourceTree = "<group>";
		};
		F8AAFEAE2B6A59330093BB3B /* Controller */ = {
			isa = PBXGroup;
			children = (
				F821D1262B67BB2800BDFFF0 /* UseCoreDataViewController.swift */,
			);
			path = Controller;
			sourceTree = "<group>";
		};
		F8B128AE2B621D2200680E78 /* TodoList */ = {
			isa = PBXGroup;
			children = (
				F8B128B22B621D8000680E78 /* ViewComponent */,
				F8B128B12B621D3100680E78 /* Service */,
				F8B128B02B621D2F00680E78 /* VC */,
				F8B128AF2B621D2D00680E78 /* Model */,
			);
			path = TodoList;
			sourceTree = "<group>";
		};
		F8B128AF2B621D2D00680E78 /* Model */ = {
			isa = PBXGroup;
			children = (
				F8D7666D2B26FE3F00F7B402 /* TodoListModel.swift */,
				F8B601372B4D4E6300401E1D /* TodoListCompletedModl.swift */,
			);
			path = Model;
			sourceTree = "<group>";
		};
		F8B128B02B621D2F00680E78 /* VC */ = {
			isa = PBXGroup;
			children = (
				F8B601332B4D493800401E1D /* TodoListCompletedVC.swift */,
				F883C3D02B26E84C004E94E3 /* TodoListVC.swift */,
			);
			path = VC;
			sourceTree = "<group>";
		};
		F8B128B12B621D3100680E78 /* Service */ = {
			isa = PBXGroup;
			children = (
				F8871E972B4BEA9200262155 /* TodoListManager.swift */,
			);
			path = Service;
			sourceTree = "<group>";
		};
		F8B128B22B621D8000680E78 /* ViewComponent */ = {
			isa = PBXGroup;
			children = (
				F8D766682B26FCCC00F7B402 /* TodoListTVC.swift */,
				F8871E952B4BE14D00262155 /* TodoListHeader.swift */,
				F8B601352B4D4C6500401E1D /* TodoListCompletedTVC.swift */,
			);
			path = ViewComponent;
			sourceTree = "<group>";
		};
		F8B128B32B621DB200680E78 /* VC */ = {
			isa = PBXGroup;
			children = (
				F8B601262B4D30A100401E1D /* PetVC.swift */,
			);
			path = VC;
			sourceTree = "<group>";
		};
		F8B128B42B621DBE00680E78 /* ProfileDesign */ = {
			isa = PBXGroup;
			children = (
				F821D11D2B67B01400BDFFF0 /* ProfileDesignTabBarController.swift */,
				F8B128B52B621DED00680E78 /* ProfileDesignVC.swift */,
				F8303FED2B6257A300FD7D14 /* ViewComponent */,
				F8303FE92B6255D000FD7D14 /* Model */,
			);
			path = ProfileDesign;
			sourceTree = "<group>";
		};
		F8B6012A2B4D328B00401E1D /* Service */ = {
			isa = PBXGroup;
			children = (
				F8B6012B2B4D32B400401E1D /* CatDataManager.swift */,
				F8D288F02B50F99A00A25A8A /* NetWorkError.swift */,
			);
			path = Service;
			sourceTree = "<group>";
		};
		F8EED2FE2B68FCD400AA41E7 /* Model */ = {
			isa = PBXGroup;
			children = (
				F8EED3022B68FD8300AA41E7 /* ProfileModel.swift */,
			);
			path = Model;
			sourceTree = "<group>";
		};
		F8EED2FF2B68FD5F00AA41E7 /* View */ = {
			isa = PBXGroup;
			children = (
				F8EED3042B68FDD500AA41E7 /* ProfileView.swift */,
			);
			path = View;
			sourceTree = "<group>";
		};
		F8EED3002B68FD6800AA41E7 /* Controller */ = {
			isa = PBXGroup;
			children = (
				F821D1222B67BA5900BDFFF0 /* ProfileViewController.swift */,
			);
			path = Controller;
			sourceTree = "<group>";
		};
		F8EED3062B6A0D0800AA41E7 /* ViewComponent */ = {
			isa = PBXGroup;
			children = (
				F8EED3072B6A0D3000AA41E7 /* TaskCollectionViewCell.swift */,
			);
			path = ViewComponent;
			sourceTree = "<group>";
		};
/* End PBXGroup section */

/* Begin PBXNativeTarget section */
		F883C3C82B26E84C004E94E3 /* IndividualTask */ = {
			isa = PBXNativeTarget;
			buildConfigurationList = F883C3F32B26E84D004E94E3 /* Build configuration list for PBXNativeTarget "IndividualTask" */;
			buildPhases = (
				F883C3C52B26E84C004E94E3 /* Sources */,
				F883C3C62B26E84C004E94E3 /* Frameworks */,
				F883C3C72B26E84C004E94E3 /* Resources */,
			);
			buildRules = (
			);
			dependencies = (
			);
			name = IndividualTask;
			packageProductDependencies = (
				F8D7666B2B26FE2300F7B402 /* SnapKit */,
			);
			productName = SpartaMyTodoList;
			productReference = F883C3C92B26E84C004E94E3 /* IndividualTask.app */;
			productType = "com.apple.product-type.application";
		};
		F883C3DE2B26E84D004E94E3 /* IndividualTaskTests */ = {
			isa = PBXNativeTarget;
			buildConfigurationList = F883C3F62B26E84D004E94E3 /* Build configuration list for PBXNativeTarget "IndividualTaskTests" */;
			buildPhases = (
				F883C3DB2B26E84D004E94E3 /* Sources */,
				F883C3DC2B26E84D004E94E3 /* Frameworks */,
				F883C3DD2B26E84D004E94E3 /* Resources */,
			);
			buildRules = (
			);
			dependencies = (
				F883C3E12B26E84D004E94E3 /* PBXTargetDependency */,
			);
			name = IndividualTaskTests;
			productName = SpartaMyTodoListTests;
			productReference = F883C3DF2B26E84D004E94E3 /* IndividualTaskTests.xctest */;
			productType = "com.apple.product-type.bundle.unit-test";
		};
		F883C3E82B26E84D004E94E3 /* IndividualTaskUITests */ = {
			isa = PBXNativeTarget;
			buildConfigurationList = F883C3F92B26E84D004E94E3 /* Build configuration list for PBXNativeTarget "IndividualTaskUITests" */;
			buildPhases = (
				F883C3E52B26E84D004E94E3 /* Sources */,
				F883C3E62B26E84D004E94E3 /* Frameworks */,
				F883C3E72B26E84D004E94E3 /* Resources */,
			);
			buildRules = (
			);
			dependencies = (
				F883C3EB2B26E84D004E94E3 /* PBXTargetDependency */,
			);
			name = IndividualTaskUITests;
			productName = SpartaMyTodoListUITests;
			productReference = F883C3E92B26E84D004E94E3 /* IndividualTaskUITests.xctest */;
			productType = "com.apple.product-type.bundle.ui-testing";
		};
/* End PBXNativeTarget section */

/* Begin PBXProject section */
		F883C3C12B26E84C004E94E3 /* Project object */ = {
			isa = PBXProject;
			attributes = {
				BuildIndependentTargetsInParallel = 1;
				LastSwiftUpdateCheck = 1430;
				LastUpgradeCheck = 1520;
				TargetAttributes = {
					F883C3C82B26E84C004E94E3 = {
						CreatedOnToolsVersion = 14.3;
					};
					F883C3DE2B26E84D004E94E3 = {
						CreatedOnToolsVersion = 14.3;
						TestTargetID = F883C3C82B26E84C004E94E3;
					};
					F883C3E82B26E84D004E94E3 = {
						CreatedOnToolsVersion = 14.3;
						TestTargetID = F883C3C82B26E84C004E94E3;
					};
				};
			};
			buildConfigurationList = F883C3C42B26E84C004E94E3 /* Build configuration list for PBXProject "IndividualTask" */;
			compatibilityVersion = "Xcode 14.0";
			developmentRegion = en;
			hasScannedForEncodings = 0;
			knownRegions = (
				en,
				Base,
			);
			mainGroup = F883C3C02B26E84C004E94E3;
			packageReferences = (
				F8D7666A2B26FE2300F7B402 /* XCRemoteSwiftPackageReference "SnapKit" */,
			);
			productRefGroup = F883C3CA2B26E84C004E94E3 /* Products */;
			projectDirPath = "";
			projectRoot = "";
			targets = (
				F883C3C82B26E84C004E94E3 /* IndividualTask */,
				F883C3DE2B26E84D004E94E3 /* IndividualTaskTests */,
				F883C3E82B26E84D004E94E3 /* IndividualTaskUITests */,
			);
		};
/* End PBXProject section */

/* Begin PBXResourcesBuildPhase section */
		F883C3C72B26E84C004E94E3 /* Resources */ = {
			isa = PBXResourcesBuildPhase;
			buildActionMask = 2147483647;
			files = (
				F88A1DB82B63A86600CB2846 /* OpenSans-VariableFont_wdth,wght.ttf in Resources */,
				F883C3D92B26E84D004E94E3 /* LaunchScreen.storyboard in Resources */,
				F883C3D62B26E84D004E94E3 /* Assets.xcassets in Resources */,
				F88A1DB72B63A86600CB2846 /* OpenSans-Italic-VariableFont_wdth,wght.ttf in Resources */,
			);
			runOnlyForDeploymentPostprocessing = 0;
		};
		F883C3DD2B26E84D004E94E3 /* Resources */ = {
			isa = PBXResourcesBuildPhase;
			buildActionMask = 2147483647;
			files = (
			);
			runOnlyForDeploymentPostprocessing = 0;
		};
		F883C3E72B26E84D004E94E3 /* Resources */ = {
			isa = PBXResourcesBuildPhase;
			buildActionMask = 2147483647;
			files = (
			);
			runOnlyForDeploymentPostprocessing = 0;
		};
/* End PBXResourcesBuildPhase section */

/* Begin PBXSourcesBuildPhase section */
		F883C3C52B26E84C004E94E3 /* Sources */ = {
			isa = PBXSourcesBuildPhase;
			buildActionMask = 2147483647;
			files = (
				F8928B722B6246C2004DD6A6 /* UserInfoView.swift in Sources */,
				F8B6012E2B4D34C500401E1D /* CatDataModel.swift in Sources */,
				F8EED30E2B6A124100AA41E7 /* TaskModel.xcdatamodeld in Sources */,
				F8B601292B4D30F800401E1D /* UIViewController+Extension.swift in Sources */,
				F8EED3032B68FD8300AA41E7 /* ProfileModel.swift in Sources */,
				F8871E982B4BEA9200262155 /* TodoListManager.swift in Sources */,
				F8303FEC2B6255E100FD7D14 /* UserInfo.swift in Sources */,
				F8B601252B4D292F00401E1D /* MainVC.swift in Sources */,
				F8D7666E2B26FE3F00F7B402 /* TodoListModel.swift in Sources */,
				F825A28C2B34445E00041B32 /* Date+Extensino.swift in Sources */,
				F8B601272B4D30A100401E1D /* PetVC.swift in Sources */,
				F821D1272B67BB2800BDFFF0 /* UseCoreDataViewController.swift in Sources */,
				F821D1202B67B2CF00BDFFF0 /* UIColor+Extension.swift in Sources */,
				F8871E962B4BE14D00262155 /* TodoListHeader.swift in Sources */,
				F8278B2C2B6B751200B3AC10 /* Movie.swift in Sources */,
				F862C8122B62292A008120FA /* UIImageView+Extension.swift in Sources */,
				F821D1232B67BA5900BDFFF0 /* ProfileViewController.swift in Sources */,
				F825A28A2B34445400041B32 /* String+Extension.swift in Sources */,
				F8278B292B6B742600B3AC10 /* VideoManager.swift in Sources */,
				F883C3D12B26E84C004E94E3 /* TodoListVC.swift in Sources */,
				F8D766692B26FCCC00F7B402 /* TodoListTVC.swift in Sources */,
				F8B601342B4D493800401E1D /* TodoListCompletedVC.swift in Sources */,
				F8D288F12B50F99A00A25A8A /* NetWorkError.swift in Sources */,
				F8B6012C2B4D32B400401E1D /* CatDataManager.swift in Sources */,
				F8303FEF2B62591D00FD7D14 /* UILabel+Extension.swift in Sources */,
				F862C8142B622955008120FA /* UIView+Extension.swift in Sources */,
				F8AAFEAC2B6A4ADF0093BB3B /* CoreDataManger.swift in Sources */,
				F8278B272B6B71AB00B3AC10 /* RandomVideoViewController.swift in Sources */,
				F8303FF12B62600E00FD7D14 /* MiddelBarView.swift in Sources */,
				F883C3CD2B26E84C004E94E3 /* AppDelegate.swift in Sources */,
				F821D11C2B67A88700BDFFF0 /* PictureCollectionViewCell.swift in Sources */,
				F8EED3052B68FDD500AA41E7 /* ProfileView.swift in Sources */,
				F8B128B62B621DED00680E78 /* ProfileDesignVC.swift in Sources */,
				F8B601382B4D4E6300401E1D /* TodoListCompletedModl.swift in Sources */,
				F883C3CF2B26E84C004E94E3 /* SceneDelegate.swift in Sources */,
				F8B601362B4D4C6500401E1D /* TodoListCompletedTVC.swift in Sources */,
				F862C8162B622964008120FA /* UIStackView+Extension.swift in Sources */,
				F8EED3082B6A0D3000AA41E7 /* TaskCollectionViewCell.swift in Sources */,
				F88A1DBA2B63A8F600CB2846 /* OpenSans.swift in Sources */,
				F821D11E2B67B01400BDFFF0 /* ProfileDesignTabBarController.swift in Sources */,
			);
			runOnlyForDeploymentPostprocessing = 0;
		};
		F883C3DB2B26E84D004E94E3 /* Sources */ = {
			isa = PBXSourcesBuildPhase;
			buildActionMask = 2147483647;
			files = (
				F883C3E42B26E84D004E94E3 /* SpartaMyTodoListTests.swift in Sources */,
			);
			runOnlyForDeploymentPostprocessing = 0;
		};
		F883C3E52B26E84D004E94E3 /* Sources */ = {
			isa = PBXSourcesBuildPhase;
			buildActionMask = 2147483647;
			files = (
				F883C3EE2B26E84D004E94E3 /* SpartaMyTodoListUITests.swift in Sources */,
				F883C3F02B26E84D004E94E3 /* SpartaMyTodoListUITestsLaunchTests.swift in Sources */,
			);
			runOnlyForDeploymentPostprocessing = 0;
		};
/* End PBXSourcesBuildPhase section */

/* Begin PBXTargetDependency section */
		F883C3E12B26E84D004E94E3 /* PBXTargetDependency */ = {
			isa = PBXTargetDependency;
			target = F883C3C82B26E84C004E94E3 /* IndividualTask */;
			targetProxy = F883C3E02B26E84D004E94E3 /* PBXContainerItemProxy */;
		};
		F883C3EB2B26E84D004E94E3 /* PBXTargetDependency */ = {
			isa = PBXTargetDependency;
			target = F883C3C82B26E84C004E94E3 /* IndividualTask */;
			targetProxy = F883C3EA2B26E84D004E94E3 /* PBXContainerItemProxy */;
		};
/* End PBXTargetDependency section */

/* Begin PBXVariantGroup section */
		F883C3D72B26E84D004E94E3 /* LaunchScreen.storyboard */ = {
			isa = PBXVariantGroup;
			children = (
				F883C3D82B26E84D004E94E3 /* Base */,
			);
			name = LaunchScreen.storyboard;
			sourceTree = "<group>";
		};
/* End PBXVariantGroup section */

/* Begin XCBuildConfiguration section */
		F883C3F12B26E84D004E94E3 /* Debug */ = {
			isa = XCBuildConfiguration;
			buildSettings = {
				ALWAYS_SEARCH_USER_PATHS = NO;
				CLANG_ANALYZER_NONNULL = YES;
				CLANG_ANALYZER_NUMBER_OBJECT_CONVERSION = YES_AGGRESSIVE;
				CLANG_CXX_LANGUAGE_STANDARD = "gnu++20";
				CLANG_ENABLE_MODULES = YES;
				CLANG_ENABLE_OBJC_ARC = YES;
				CLANG_ENABLE_OBJC_WEAK = YES;
				CLANG_WARN_BLOCK_CAPTURE_AUTORELEASING = YES;
				CLANG_WARN_BOOL_CONVERSION = YES;
				CLANG_WARN_COMMA = YES;
				CLANG_WARN_CONSTANT_CONVERSION = YES;
				CLANG_WARN_DEPRECATED_OBJC_IMPLEMENTATIONS = YES;
				CLANG_WARN_DIRECT_OBJC_ISA_USAGE = YES_ERROR;
				CLANG_WARN_DOCUMENTATION_COMMENTS = YES;
				CLANG_WARN_EMPTY_BODY = YES;
				CLANG_WARN_ENUM_CONVERSION = YES;
				CLANG_WARN_INFINITE_RECURSION = YES;
				CLANG_WARN_INT_CONVERSION = YES;
				CLANG_WARN_NON_LITERAL_NULL_CONVERSION = YES;
				CLANG_WARN_OBJC_IMPLICIT_RETAIN_SELF = YES;
				CLANG_WARN_OBJC_LITERAL_CONVERSION = YES;
				CLANG_WARN_OBJC_ROOT_CLASS = YES_ERROR;
				CLANG_WARN_QUOTED_INCLUDE_IN_FRAMEWORK_HEADER = YES;
				CLANG_WARN_RANGE_LOOP_ANALYSIS = YES;
				CLANG_WARN_STRICT_PROTOTYPES = YES;
				CLANG_WARN_SUSPICIOUS_MOVE = YES;
				CLANG_WARN_UNGUARDED_AVAILABILITY = YES_AGGRESSIVE;
				CLANG_WARN_UNREACHABLE_CODE = YES;
				CLANG_WARN__DUPLICATE_METHOD_MATCH = YES;
				COPY_PHASE_STRIP = NO;
				DEBUG_INFORMATION_FORMAT = dwarf;
				ENABLE_STRICT_OBJC_MSGSEND = YES;
				ENABLE_TESTABILITY = YES;
				ENABLE_USER_SCRIPT_SANDBOXING = YES;
				GCC_C_LANGUAGE_STANDARD = gnu11;
				GCC_DYNAMIC_NO_PIC = NO;
				GCC_NO_COMMON_BLOCKS = YES;
				GCC_OPTIMIZATION_LEVEL = 0;
				GCC_PREPROCESSOR_DEFINITIONS = (
					"DEBUG=1",
					"$(inherited)",
				);
				GCC_WARN_64_TO_32_BIT_CONVERSION = YES;
				GCC_WARN_ABOUT_RETURN_TYPE = YES_ERROR;
				GCC_WARN_UNDECLARED_SELECTOR = YES;
				GCC_WARN_UNINITIALIZED_AUTOS = YES_AGGRESSIVE;
				GCC_WARN_UNUSED_FUNCTION = YES;
				GCC_WARN_UNUSED_VARIABLE = YES;
				IPHONEOS_DEPLOYMENT_TARGET = 17.0;
				MTL_ENABLE_DEBUG_INFO = INCLUDE_SOURCE;
				MTL_FAST_MATH = YES;
				ONLY_ACTIVE_ARCH = YES;
				SDKROOT = iphoneos;
				SWIFT_ACTIVE_COMPILATION_CONDITIONS = DEBUG;
				SWIFT_OPTIMIZATION_LEVEL = "-Onone";
			};
			name = Debug;
		};
		F883C3F22B26E84D004E94E3 /* Release */ = {
			isa = XCBuildConfiguration;
			buildSettings = {
				ALWAYS_SEARCH_USER_PATHS = NO;
				CLANG_ANALYZER_NONNULL = YES;
				CLANG_ANALYZER_NUMBER_OBJECT_CONVERSION = YES_AGGRESSIVE;
				CLANG_CXX_LANGUAGE_STANDARD = "gnu++20";
				CLANG_ENABLE_MODULES = YES;
				CLANG_ENABLE_OBJC_ARC = YES;
				CLANG_ENABLE_OBJC_WEAK = YES;
				CLANG_WARN_BLOCK_CAPTURE_AUTORELEASING = YES;
				CLANG_WARN_BOOL_CONVERSION = YES;
				CLANG_WARN_COMMA = YES;
				CLANG_WARN_CONSTANT_CONVERSION = YES;
				CLANG_WARN_DEPRECATED_OBJC_IMPLEMENTATIONS = YES;
				CLANG_WARN_DIRECT_OBJC_ISA_USAGE = YES_ERROR;
				CLANG_WARN_DOCUMENTATION_COMMENTS = YES;
				CLANG_WARN_EMPTY_BODY = YES;
				CLANG_WARN_ENUM_CONVERSION = YES;
				CLANG_WARN_INFINITE_RECURSION = YES;
				CLANG_WARN_INT_CONVERSION = YES;
				CLANG_WARN_NON_LITERAL_NULL_CONVERSION = YES;
				CLANG_WARN_OBJC_IMPLICIT_RETAIN_SELF = YES;
				CLANG_WARN_OBJC_LITERAL_CONVERSION = YES;
				CLANG_WARN_OBJC_ROOT_CLASS = YES_ERROR;
				CLANG_WARN_QUOTED_INCLUDE_IN_FRAMEWORK_HEADER = YES;
				CLANG_WARN_RANGE_LOOP_ANALYSIS = YES;
				CLANG_WARN_STRICT_PROTOTYPES = YES;
				CLANG_WARN_SUSPICIOUS_MOVE = YES;
				CLANG_WARN_UNGUARDED_AVAILABILITY = YES_AGGRESSIVE;
				CLANG_WARN_UNREACHABLE_CODE = YES;
				CLANG_WARN__DUPLICATE_METHOD_MATCH = YES;
				COPY_PHASE_STRIP = NO;
				DEBUG_INFORMATION_FORMAT = "dwarf-with-dsym";
				ENABLE_NS_ASSERTIONS = NO;
				ENABLE_STRICT_OBJC_MSGSEND = YES;
				ENABLE_USER_SCRIPT_SANDBOXING = YES;
				GCC_C_LANGUAGE_STANDARD = gnu11;
				GCC_NO_COMMON_BLOCKS = YES;
				GCC_WARN_64_TO_32_BIT_CONVERSION = YES;
				GCC_WARN_ABOUT_RETURN_TYPE = YES_ERROR;
				GCC_WARN_UNDECLARED_SELECTOR = YES;
				GCC_WARN_UNINITIALIZED_AUTOS = YES_AGGRESSIVE;
				GCC_WARN_UNUSED_FUNCTION = YES;
				GCC_WARN_UNUSED_VARIABLE = YES;
				IPHONEOS_DEPLOYMENT_TARGET = 17.0;
				MTL_ENABLE_DEBUG_INFO = NO;
				MTL_FAST_MATH = YES;
				SDKROOT = iphoneos;
				SWIFT_COMPILATION_MODE = wholemodule;
				SWIFT_OPTIMIZATION_LEVEL = "-O";
				VALIDATE_PRODUCT = YES;
			};
			name = Release;
		};
		F883C3F42B26E84D004E94E3 /* Debug */ = {
			isa = XCBuildConfiguration;
			buildSettings = {
				ASSETCATALOG_COMPILER_APPICON_NAME = AppIcon;
				ASSETCATALOG_COMPILER_GLOBAL_ACCENT_COLOR_NAME = AccentColor;
				CODE_SIGN_STYLE = Automatic;
				CURRENT_PROJECT_VERSION = 1;
				DEVELOPMENT_TEAM = 4G47XHXXQX;
				GENERATE_INFOPLIST_FILE = YES;
				INFOPLIST_FILE = IndividualTask/Info.plist;
				INFOPLIST_KEY_UIApplicationSupportsIndirectInputEvents = YES;
				INFOPLIST_KEY_UILaunchStoryboardName = LaunchScreen;
				INFOPLIST_KEY_UISupportedInterfaceOrientations_iPad = "UIInterfaceOrientationPortrait UIInterfaceOrientationPortraitUpsideDown UIInterfaceOrientationLandscapeLeft UIInterfaceOrientationLandscapeRight";
				INFOPLIST_KEY_UISupportedInterfaceOrientations_iPhone = "UIInterfaceOrientationPortrait UIInterfaceOrientationLandscapeLeft UIInterfaceOrientationLandscapeRight";
				IPHONEOS_DEPLOYMENT_TARGET = 17.0;
				LD_RUNPATH_SEARCH_PATHS = (
					"$(inherited)",
					"@executable_path/Frameworks",
				);
				MARKETING_VERSION = 1.0;
				PRODUCT_BUNDLE_IDENTIFIER = com.WonDongJin.IndividualTask;
				PRODUCT_NAME = "$(TARGET_NAME)";
				SWIFT_EMIT_LOC_STRINGS = YES;
				SWIFT_VERSION = 5.0;
				TARGETED_DEVICE_FAMILY = "1,2";
			};
			name = Debug;
		};
		F883C3F52B26E84D004E94E3 /* Release */ = {
			isa = XCBuildConfiguration;
			buildSettings = {
				ASSETCATALOG_COMPILER_APPICON_NAME = AppIcon;
				ASSETCATALOG_COMPILER_GLOBAL_ACCENT_COLOR_NAME = AccentColor;
				CODE_SIGN_STYLE = Automatic;
				CURRENT_PROJECT_VERSION = 1;
				DEVELOPMENT_TEAM = 4G47XHXXQX;
				GENERATE_INFOPLIST_FILE = YES;
				INFOPLIST_FILE = IndividualTask/Info.plist;
				INFOPLIST_KEY_UIApplicationSupportsIndirectInputEvents = YES;
				INFOPLIST_KEY_UILaunchStoryboardName = LaunchScreen;
				INFOPLIST_KEY_UISupportedInterfaceOrientations_iPad = "UIInterfaceOrientationPortrait UIInterfaceOrientationPortraitUpsideDown UIInterfaceOrientationLandscapeLeft UIInterfaceOrientationLandscapeRight";
				INFOPLIST_KEY_UISupportedInterfaceOrientations_iPhone = "UIInterfaceOrientationPortrait UIInterfaceOrientationLandscapeLeft UIInterfaceOrientationLandscapeRight";
				IPHONEOS_DEPLOYMENT_TARGET = 17.0;
				LD_RUNPATH_SEARCH_PATHS = (
					"$(inherited)",
					"@executable_path/Frameworks",
				);
				MARKETING_VERSION = 1.0;
				PRODUCT_BUNDLE_IDENTIFIER = com.WonDongJin.IndividualTask;
				PRODUCT_NAME = "$(TARGET_NAME)";
				SWIFT_EMIT_LOC_STRINGS = YES;
				SWIFT_VERSION = 5.0;
				TARGETED_DEVICE_FAMILY = "1,2";
			};
			name = Release;
		};
		F883C3F72B26E84D004E94E3 /* Debug */ = {
			isa = XCBuildConfiguration;
			buildSettings = {
				ALWAYS_EMBED_SWIFT_STANDARD_LIBRARIES = YES;
				BUNDLE_LOADER = "$(TEST_HOST)";
				CODE_SIGN_STYLE = Automatic;
				CURRENT_PROJECT_VERSION = 1;
				DEVELOPMENT_TEAM = 4G47XHXXQX;
				GENERATE_INFOPLIST_FILE = YES;
				IPHONEOS_DEPLOYMENT_TARGET = 16.4;
				MARKETING_VERSION = 1.0;
				PRODUCT_BUNDLE_IDENTIFIER = com.WonDongJin.SpartaMyTodoListTests;
				PRODUCT_NAME = "$(TARGET_NAME)";
				SWIFT_EMIT_LOC_STRINGS = NO;
				SWIFT_VERSION = 5.0;
				TARGETED_DEVICE_FAMILY = "1,2";
				TEST_HOST = "$(BUILT_PRODUCTS_DIR)/IndividualTask.app/$(BUNDLE_EXECUTABLE_FOLDER_PATH)/IndividualTask";
			};
			name = Debug;
		};
		F883C3F82B26E84D004E94E3 /* Release */ = {
			isa = XCBuildConfiguration;
			buildSettings = {
				ALWAYS_EMBED_SWIFT_STANDARD_LIBRARIES = YES;
				BUNDLE_LOADER = "$(TEST_HOST)";
				CODE_SIGN_STYLE = Automatic;
				CURRENT_PROJECT_VERSION = 1;
				DEVELOPMENT_TEAM = 4G47XHXXQX;
				GENERATE_INFOPLIST_FILE = YES;
				IPHONEOS_DEPLOYMENT_TARGET = 16.4;
				MARKETING_VERSION = 1.0;
				PRODUCT_BUNDLE_IDENTIFIER = com.WonDongJin.SpartaMyTodoListTests;
				PRODUCT_NAME = "$(TARGET_NAME)";
				SWIFT_EMIT_LOC_STRINGS = NO;
				SWIFT_VERSION = 5.0;
				TARGETED_DEVICE_FAMILY = "1,2";
				TEST_HOST = "$(BUILT_PRODUCTS_DIR)/IndividualTask.app/$(BUNDLE_EXECUTABLE_FOLDER_PATH)/IndividualTask";
			};
			name = Release;
		};
		F883C3FA2B26E84D004E94E3 /* Debug */ = {
			isa = XCBuildConfiguration;
			buildSettings = {
				ALWAYS_EMBED_SWIFT_STANDARD_LIBRARIES = YES;
				CODE_SIGN_STYLE = Automatic;
				CURRENT_PROJECT_VERSION = 1;
				DEVELOPMENT_TEAM = 4G47XHXXQX;
				GENERATE_INFOPLIST_FILE = YES;
				MARKETING_VERSION = 1.0;
				PRODUCT_BUNDLE_IDENTIFIER = com.WonDongJin.SpartaMyTodoListUITests;
				PRODUCT_NAME = "$(TARGET_NAME)";
				SWIFT_EMIT_LOC_STRINGS = NO;
				SWIFT_VERSION = 5.0;
				TARGETED_DEVICE_FAMILY = "1,2";
				TEST_TARGET_NAME = SpartaMyTodoList;
			};
			name = Debug;
		};
		F883C3FB2B26E84D004E94E3 /* Release */ = {
			isa = XCBuildConfiguration;
			buildSettings = {
				ALWAYS_EMBED_SWIFT_STANDARD_LIBRARIES = YES;
				CODE_SIGN_STYLE = Automatic;
				CURRENT_PROJECT_VERSION = 1;
				DEVELOPMENT_TEAM = 4G47XHXXQX;
				GENERATE_INFOPLIST_FILE = YES;
				MARKETING_VERSION = 1.0;
				PRODUCT_BUNDLE_IDENTIFIER = com.WonDongJin.SpartaMyTodoListUITests;
				PRODUCT_NAME = "$(TARGET_NAME)";
				SWIFT_EMIT_LOC_STRINGS = NO;
				SWIFT_VERSION = 5.0;
				TARGETED_DEVICE_FAMILY = "1,2";
				TEST_TARGET_NAME = SpartaMyTodoList;
			};
			name = Release;
		};
/* End XCBuildConfiguration section */

/* Begin XCConfigurationList section */
		F883C3C42B26E84C004E94E3 /* Build configuration list for PBXProject "IndividualTask" */ = {
			isa = XCConfigurationList;
			buildConfigurations = (
				F883C3F12B26E84D004E94E3 /* Debug */,
				F883C3F22B26E84D004E94E3 /* Release */,
			);
			defaultConfigurationIsVisible = 0;
			defaultConfigurationName = Release;
		};
		F883C3F32B26E84D004E94E3 /* Build configuration list for PBXNativeTarget "IndividualTask" */ = {
			isa = XCConfigurationList;
			buildConfigurations = (
				F883C3F42B26E84D004E94E3 /* Debug */,
				F883C3F52B26E84D004E94E3 /* Release */,
			);
			defaultConfigurationIsVisible = 0;
			defaultConfigurationName = Release;
		};
		F883C3F62B26E84D004E94E3 /* Build configuration list for PBXNativeTarget "IndividualTaskTests" */ = {
			isa = XCConfigurationList;
			buildConfigurations = (
				F883C3F72B26E84D004E94E3 /* Debug */,
				F883C3F82B26E84D004E94E3 /* Release */,
			);
			defaultConfigurationIsVisible = 0;
			defaultConfigurationName = Release;
		};
		F883C3F92B26E84D004E94E3 /* Build configuration list for PBXNativeTarget "IndividualTaskUITests" */ = {
			isa = XCConfigurationList;
			buildConfigurations = (
				F883C3FA2B26E84D004E94E3 /* Debug */,
				F883C3FB2B26E84D004E94E3 /* Release */,
			);
			defaultConfigurationIsVisible = 0;
			defaultConfigurationName = Release;
		};
/* End XCConfigurationList section */

/* Begin XCRemoteSwiftPackageReference section */
		F8D7666A2B26FE2300F7B402 /* XCRemoteSwiftPackageReference "SnapKit" */ = {
			isa = XCRemoteSwiftPackageReference;
			repositoryURL = "https://github.com/SnapKit/SnapKit";
			requirement = {
				kind = upToNextMajorVersion;
				minimumVersion = 5.0.0;
			};
		};
/* End XCRemoteSwiftPackageReference section */

/* Begin XCSwiftPackageProductDependency section */
		F8D7666B2B26FE2300F7B402 /* SnapKit */ = {
			isa = XCSwiftPackageProductDependency;
			package = F8D7666A2B26FE2300F7B402 /* XCRemoteSwiftPackageReference "SnapKit" */;
			productName = SnapKit;
		};
/* End XCSwiftPackageProductDependency section */

/* Begin XCVersionGroup section */
		F8EED30C2B6A124100AA41E7 /* TaskModel.xcdatamodeld */ = {
			isa = XCVersionGroup;
			children = (
				F8EED30D2B6A124100AA41E7 /* TaskModel.xcdatamodel */,
			);
			currentVersion = F8EED30D2B6A124100AA41E7 /* TaskModel.xcdatamodel */;
			path = TaskModel.xcdatamodeld;
			sourceTree = "<group>";
			versionGroupType = wrapper.xcdatamodel;
		};
/* End XCVersionGroup section */
	};
	rootObject = F883C3C12B26E84C004E94E3 /* Project object */;
}
