// !$*UTF8*$!
{
	archiveVersion = 1;
	classes = {
	};
	objectVersion = 56;
	objects = {

/* Begin PBXBuildFile section */
		F83978572B1DDFF900F92A00 /* main.swift in Sources */ = {isa = PBXBuildFile; fileRef = F83978562B1DDFF900F92A00 /* main.swift */; };
		F839785E2B1DEF6400F92A00 /* ShackShackMenu.swift in Sources */ = {isa = PBXBuildFile; fileRef = F839785D2B1DEF6300F92A00 /* ShackShackMenu.swift */; };
		F83978602B1DEFD200F92A00 /* Buger.swift in Sources */ = {isa = PBXBuildFile; fileRef = F839785F2B1DEFD200F92A00 /* Buger.swift */; };
		F83978622B1DF1A900F92A00 /* FrozenCustar.swift in Sources */ = {isa = PBXBuildFile; fileRef = F83978612B1DF1A900F92A00 /* FrozenCustar.swift */; };
		F83978642B1DF2CF00F92A00 /* Drinks.swift in Sources */ = {isa = PBXBuildFile; fileRef = F83978632B1DF2CF00F92A00 /* Drinks.swift */; };
		F83978662B1DF44100F92A00 /* Beer.swift in Sources */ = {isa = PBXBuildFile; fileRef = F83978652B1DF44100F92A00 /* Beer.swift */; };
		F83D518B2B22E690004BCB59 /* Kiosk.swift in Sources */ = {isa = PBXBuildFile; fileRef = F83D518A2B22E690004BCB59 /* Kiosk.swift */; };
		F83D51902B22E89C004BCB59 /* Basket.swift in Sources */ = {isa = PBXBuildFile; fileRef = F83D518F2B22E89C004BCB59 /* Basket.swift */; };
		F83D51A52B22ED96004BCB59 /* Util.swift in Sources */ = {isa = PBXBuildFile; fileRef = F83D51A42B22ED96004BCB59 /* Util.swift */; };
		F83D51A82B22F671004BCB59 /* BugerMenu.swift in Sources */ = {isa = PBXBuildFile; fileRef = F83D51A72B22F671004BCB59 /* BugerMenu.swift */; };
		F83D51AA2B230430004BCB59 /* FrozenCustarMenu.swift in Sources */ = {isa = PBXBuildFile; fileRef = F83D51A92B230430004BCB59 /* FrozenCustarMenu.swift */; };
		F83D51AC2B230439004BCB59 /* DrinksMenu.swift in Sources */ = {isa = PBXBuildFile; fileRef = F83D51AB2B230439004BCB59 /* DrinksMenu.swift */; };
		F83D51AE2B230441004BCB59 /* BeerMenu.swift in Sources */ = {isa = PBXBuildFile; fileRef = F83D51AD2B230441004BCB59 /* BeerMenu.swift */; };
		F83D51B02B23079F004BCB59 /* Order.swift in Sources */ = {isa = PBXBuildFile; fileRef = F83D51AF2B23079F004BCB59 /* Order.swift */; };
		F83D51B22B230814004BCB59 /* Account.swift in Sources */ = {isa = PBXBuildFile; fileRef = F83D51B12B230814004BCB59 /* Account.swift */; };
		F8AABBEB2B20836300A6D9E1 /* Product.swift in Sources */ = {isa = PBXBuildFile; fileRef = F8AABBEA2B20836300A6D9E1 /* Product.swift */; };
/* End PBXBuildFile section */

/* Begin PBXCopyFilesBuildPhase section */
		F83978512B1DDFF900F92A00 /* CopyFiles */ = {
			isa = PBXCopyFilesBuildPhase;
			buildActionMask = 2147483647;
			dstPath = /usr/share/man/man1/;
			dstSubfolderSpec = 0;
			files = (
			);
			runOnlyForDeploymentPostprocessing = 1;
		};
/* End PBXCopyFilesBuildPhase section */

/* Begin PBXFileReference section */
		F83978532B1DDFF900F92A00 /* Week3Task */ = {isa = PBXFileReference; explicitFileType = "compiled.mach-o.executable"; includeInIndex = 0; path = Week3Task; sourceTree = BUILT_PRODUCTS_DIR; };
		F83978562B1DDFF900F92A00 /* main.swift */ = {isa = PBXFileReference; lastKnownFileType = sourcecode.swift; path = main.swift; sourceTree = "<group>"; };
		F839785D2B1DEF6300F92A00 /* ShackShackMenu.swift */ = {isa = PBXFileReference; lastKnownFileType = sourcecode.swift; path = ShackShackMenu.swift; sourceTree = "<group>"; };
		F839785F2B1DEFD200F92A00 /* Buger.swift */ = {isa = PBXFileReference; lastKnownFileType = sourcecode.swift; path = Buger.swift; sourceTree = "<group>"; };
		F83978612B1DF1A900F92A00 /* FrozenCustar.swift */ = {isa = PBXFileReference; lastKnownFileType = sourcecode.swift; path = FrozenCustar.swift; sourceTree = "<group>"; };
		F83978632B1DF2CF00F92A00 /* Drinks.swift */ = {isa = PBXFileReference; lastKnownFileType = sourcecode.swift; path = Drinks.swift; sourceTree = "<group>"; };
		F83978652B1DF44100F92A00 /* Beer.swift */ = {isa = PBXFileReference; lastKnownFileType = sourcecode.swift; path = Beer.swift; sourceTree = "<group>"; };
		F83D518A2B22E690004BCB59 /* Kiosk.swift */ = {isa = PBXFileReference; lastKnownFileType = sourcecode.swift; path = Kiosk.swift; sourceTree = "<group>"; };
		F83D518F2B22E89C004BCB59 /* Basket.swift */ = {isa = PBXFileReference; lastKnownFileType = sourcecode.swift; path = Basket.swift; sourceTree = "<group>"; };
		F83D51A42B22ED96004BCB59 /* Util.swift */ = {isa = PBXFileReference; lastKnownFileType = sourcecode.swift; path = Util.swift; sourceTree = "<group>"; };
		F83D51A72B22F671004BCB59 /* BugerMenu.swift */ = {isa = PBXFileReference; lastKnownFileType = sourcecode.swift; path = BugerMenu.swift; sourceTree = "<group>"; };
		F83D51A92B230430004BCB59 /* FrozenCustarMenu.swift */ = {isa = PBXFileReference; lastKnownFileType = sourcecode.swift; path = FrozenCustarMenu.swift; sourceTree = "<group>"; };
		F83D51AB2B230439004BCB59 /* DrinksMenu.swift */ = {isa = PBXFileReference; lastKnownFileType = sourcecode.swift; path = DrinksMenu.swift; sourceTree = "<group>"; };
		F83D51AD2B230441004BCB59 /* BeerMenu.swift */ = {isa = PBXFileReference; lastKnownFileType = sourcecode.swift; path = BeerMenu.swift; sourceTree = "<group>"; };
		F83D51AF2B23079F004BCB59 /* Order.swift */ = {isa = PBXFileReference; lastKnownFileType = sourcecode.swift; path = Order.swift; sourceTree = "<group>"; };
		F83D51B12B230814004BCB59 /* Account.swift */ = {isa = PBXFileReference; lastKnownFileType = sourcecode.swift; path = Account.swift; sourceTree = "<group>"; };
		F8AABBEA2B20836300A6D9E1 /* Product.swift */ = {isa = PBXFileReference; lastKnownFileType = sourcecode.swift; path = Product.swift; sourceTree = "<group>"; };
/* End PBXFileReference section */

/* Begin PBXFrameworksBuildPhase section */
		F83978502B1DDFF900F92A00 /* Frameworks */ = {
			isa = PBXFrameworksBuildPhase;
			buildActionMask = 2147483647;
			files = (
			);
			runOnlyForDeploymentPostprocessing = 0;
		};
/* End PBXFrameworksBuildPhase section */

/* Begin PBXGroup section */
		F839784A2B1DDFF900F92A00 = {
			isa = PBXGroup;
			children = (
				F83978552B1DDFF900F92A00 /* Week3Task */,
				F83978542B1DDFF900F92A00 /* Products */,
			);
			sourceTree = "<group>";
		};
		F83978542B1DDFF900F92A00 /* Products */ = {
			isa = PBXGroup;
			children = (
				F83978532B1DDFF900F92A00 /* Week3Task */,
			);
			name = Products;
			sourceTree = "<group>";
		};
		F83978552B1DDFF900F92A00 /* Week3Task */ = {
			isa = PBXGroup;
			children = (
				F83978562B1DDFF900F92A00 /* main.swift */,
				F83D518A2B22E690004BCB59 /* Kiosk.swift */,
				F83D518F2B22E89C004BCB59 /* Basket.swift */,
				F839785D2B1DEF6300F92A00 /* ShackShackMenu.swift */,
				F83D51AF2B23079F004BCB59 /* Order.swift */,
				F83D51B12B230814004BCB59 /* Account.swift */,
				F83D51A62B22F45F004BCB59 /* Product */,
				F83D518C2B22E695004BCB59 /* Submenu */,
				F83D51A42B22ED96004BCB59 /* Util.swift */,
			);
			path = Week3Task;
			sourceTree = "<group>";
		};
		F83D518C2B22E695004BCB59 /* Submenu */ = {
			isa = PBXGroup;
			children = (
				F83D51A72B22F671004BCB59 /* BugerMenu.swift */,
				F83D51A92B230430004BCB59 /* FrozenCustarMenu.swift */,
				F83D51AB2B230439004BCB59 /* DrinksMenu.swift */,
				F83D51AD2B230441004BCB59 /* BeerMenu.swift */,
			);
			path = Submenu;
			sourceTree = "<group>";
		};
		F83D51A62B22F45F004BCB59 /* Product */ = {
			isa = PBXGroup;
			children = (
				F839785F2B1DEFD200F92A00 /* Buger.swift */,
				F83978612B1DF1A900F92A00 /* FrozenCustar.swift */,
				F83978632B1DF2CF00F92A00 /* Drinks.swift */,
				F83978652B1DF44100F92A00 /* Beer.swift */,
				F8AABBEA2B20836300A6D9E1 /* Product.swift */,
			);
			path = Product;
			sourceTree = "<group>";
		};
/* End PBXGroup section */

/* Begin PBXNativeTarget section */
		F83978522B1DDFF900F92A00 /* Week3Task */ = {
			isa = PBXNativeTarget;
			buildConfigurationList = F839785A2B1DDFF900F92A00 /* Build configuration list for PBXNativeTarget "Week3Task" */;
			buildPhases = (
				F839784F2B1DDFF900F92A00 /* Sources */,
				F83978502B1DDFF900F92A00 /* Frameworks */,
				F83978512B1DDFF900F92A00 /* CopyFiles */,
			);
			buildRules = (
			);
			dependencies = (
			);
			name = Week3Task;
			productName = Week3Task;
			productReference = F83978532B1DDFF900F92A00 /* Week3Task */;
			productType = "com.apple.product-type.tool";
		};
/* End PBXNativeTarget section */

/* Begin PBXProject section */
		F839784B2B1DDFF900F92A00 /* Project object */ = {
			isa = PBXProject;
			attributes = {
				BuildIndependentTargetsInParallel = 1;
				LastSwiftUpdateCheck = 1430;
				LastUpgradeCheck = 1430;
				TargetAttributes = {
					F83978522B1DDFF900F92A00 = {
						CreatedOnToolsVersion = 14.3;
					};
				};
			};
			buildConfigurationList = F839784E2B1DDFF900F92A00 /* Build configuration list for PBXProject "Week3Task" */;
			compatibilityVersion = "Xcode 14.0";
			developmentRegion = en;
			hasScannedForEncodings = 0;
			knownRegions = (
				en,
				Base,
			);
			mainGroup = F839784A2B1DDFF900F92A00;
			productRefGroup = F83978542B1DDFF900F92A00 /* Products */;
			projectDirPath = "";
			projectRoot = "";
			targets = (
				F83978522B1DDFF900F92A00 /* Week3Task */,
			);
		};
/* End PBXProject section */

/* Begin PBXSourcesBuildPhase section */
		F839784F2B1DDFF900F92A00 /* Sources */ = {
			isa = PBXSourcesBuildPhase;
			buildActionMask = 2147483647;
			files = (
				F83D518B2B22E690004BCB59 /* Kiosk.swift in Sources */,
				F83978572B1DDFF900F92A00 /* main.swift in Sources */,
				F83978662B1DF44100F92A00 /* Beer.swift in Sources */,
				F83D51AC2B230439004BCB59 /* DrinksMenu.swift in Sources */,
				F83D51A52B22ED96004BCB59 /* Util.swift in Sources */,
				F83D51B22B230814004BCB59 /* Account.swift in Sources */,
				F83D51A82B22F671004BCB59 /* BugerMenu.swift in Sources */,
				F83978642B1DF2CF00F92A00 /* Drinks.swift in Sources */,
				F839785E2B1DEF6400F92A00 /* ShackShackMenu.swift in Sources */,
				F83D51AE2B230441004BCB59 /* BeerMenu.swift in Sources */,
				F8AABBEB2B20836300A6D9E1 /* Product.swift in Sources */,
				F83D51AA2B230430004BCB59 /* FrozenCustarMenu.swift in Sources */,
				F83978602B1DEFD200F92A00 /* Buger.swift in Sources */,
				F83D51B02B23079F004BCB59 /* Order.swift in Sources */,
				F83978622B1DF1A900F92A00 /* FrozenCustar.swift in Sources */,
				F83D51902B22E89C004BCB59 /* Basket.swift in Sources */,
			);
			runOnlyForDeploymentPostprocessing = 0;
		};
/* End PBXSourcesBuildPhase section */

/* Begin XCBuildConfiguration section */
		F83978582B1DDFF900F92A00 /* Debug */ = {
			isa = XCBuildConfiguration;
			buildSettings = {
				ALWAYS_SEARCH_USER_PATHS = NO;
				CLANG_ANALYZER_NONNULL = YES;
				CLANG_ANALYZER_NUMBER_OBJECT_CONVERSION = YES_AGGRESSIVE;
				CLANG_CXX_LANGUAGE_STANDARD = "gnu++20";
				CLANG_ENABLE_MODULES = YES;
				CLANG_ENABLE_OBJC_ARC = YES;
				CLANG_ENABLE_OBJC_WEAK = YES;
				CLANG_WARN_BLOCK_CAPTURE_AUTORELEASING = YES;
				CLANG_WARN_BOOL_CONVERSION = YES;
				CLANG_WARN_COMMA = YES;
				CLANG_WARN_CONSTANT_CONVERSION = YES;
				CLANG_WARN_DEPRECATED_OBJC_IMPLEMENTATIONS = YES;
				CLANG_WARN_DIRECT_OBJC_ISA_USAGE = YES_ERROR;
				CLANG_WARN_DOCUMENTATION_COMMENTS = YES;
				CLANG_WARN_EMPTY_BODY = YES;
				CLANG_WARN_ENUM_CONVERSION = YES;
				CLANG_WARN_INFINITE_RECURSION = YES;
				CLANG_WARN_INT_CONVERSION = YES;
				CLANG_WARN_NON_LITERAL_NULL_CONVERSION = YES;
				CLANG_WARN_OBJC_IMPLICIT_RETAIN_SELF = YES;
				CLANG_WARN_OBJC_LITERAL_CONVERSION = YES;
				CLANG_WARN_OBJC_ROOT_CLASS = YES_ERROR;
				CLANG_WARN_QUOTED_INCLUDE_IN_FRAMEWORK_HEADER = YES;
				CLANG_WARN_RANGE_LOOP_ANALYSIS = YES;
				CLANG_WARN_STRICT_PROTOTYPES = YES;
				CLANG_WARN_SUSPICIOUS_MOVE = YES;
				CLANG_WARN_UNGUARDED_AVAILABILITY = YES_AGGRESSIVE;
				CLANG_WARN_UNREACHABLE_CODE = YES;
				CLANG_WARN__DUPLICATE_METHOD_MATCH = YES;
				COPY_PHASE_STRIP = NO;
				DEBUG_INFORMATION_FORMAT = dwarf;
				ENABLE_STRICT_OBJC_MSGSEND = YES;
				ENABLE_TESTABILITY = YES;
				GCC_C_LANGUAGE_STANDARD = gnu11;
				GCC_DYNAMIC_NO_PIC = NO;
				GCC_NO_COMMON_BLOCKS = YES;
				GCC_OPTIMIZATION_LEVEL = 0;
				GCC_PREPROCESSOR_DEFINITIONS = (
					"DEBUG=1",
					"$(inherited)",
				);
				GCC_WARN_64_TO_32_BIT_CONVERSION = YES;
				GCC_WARN_ABOUT_RETURN_TYPE = YES_ERROR;
				GCC_WARN_UNDECLARED_SELECTOR = YES;
				GCC_WARN_UNINITIALIZED_AUTOS = YES_AGGRESSIVE;
				GCC_WARN_UNUSED_FUNCTION = YES;
				GCC_WARN_UNUSED_VARIABLE = YES;
				MACOSX_DEPLOYMENT_TARGET = 13.3;
				MTL_ENABLE_DEBUG_INFO = INCLUDE_SOURCE;
				MTL_FAST_MATH = YES;
				ONLY_ACTIVE_ARCH = YES;
				SDKROOT = macosx;
				SWIFT_ACTIVE_COMPILATION_CONDITIONS = DEBUG;
				SWIFT_OPTIMIZATION_LEVEL = "-Onone";
			};
			name = Debug;
		};
		F83978592B1DDFF900F92A00 /* Release */ = {
			isa = XCBuildConfiguration;
			buildSettings = {
				ALWAYS_SEARCH_USER_PATHS = NO;
				CLANG_ANALYZER_NONNULL = YES;
				CLANG_ANALYZER_NUMBER_OBJECT_CONVERSION = YES_AGGRESSIVE;
				CLANG_CXX_LANGUAGE_STANDARD = "gnu++20";
				CLANG_ENABLE_MODULES = YES;
				CLANG_ENABLE_OBJC_ARC = YES;
				CLANG_ENABLE_OBJC_WEAK = YES;
				CLANG_WARN_BLOCK_CAPTURE_AUTORELEASING = YES;
				CLANG_WARN_BOOL_CONVERSION = YES;
				CLANG_WARN_COMMA = YES;
				CLANG_WARN_CONSTANT_CONVERSION = YES;
				CLANG_WARN_DEPRECATED_OBJC_IMPLEMENTATIONS = YES;
				CLANG_WARN_DIRECT_OBJC_ISA_USAGE = YES_ERROR;
				CLANG_WARN_DOCUMENTATION_COMMENTS = YES;
				CLANG_WARN_EMPTY_BODY = YES;
				CLANG_WARN_ENUM_CONVERSION = YES;
				CLANG_WARN_INFINITE_RECURSION = YES;
				CLANG_WARN_INT_CONVERSION = YES;
				CLANG_WARN_NON_LITERAL_NULL_CONVERSION = YES;
				CLANG_WARN_OBJC_IMPLICIT_RETAIN_SELF = YES;
				CLANG_WARN_OBJC_LITERAL_CONVERSION = YES;
				CLANG_WARN_OBJC_ROOT_CLASS = YES_ERROR;
				CLANG_WARN_QUOTED_INCLUDE_IN_FRAMEWORK_HEADER = YES;
				CLANG_WARN_RANGE_LOOP_ANALYSIS = YES;
				CLANG_WARN_STRICT_PROTOTYPES = YES;
				CLANG_WARN_SUSPICIOUS_MOVE = YES;
				CLANG_WARN_UNGUARDED_AVAILABILITY = YES_AGGRESSIVE;
				CLANG_WARN_UNREACHABLE_CODE = YES;
				CLANG_WARN__DUPLICATE_METHOD_MATCH = YES;
				COPY_PHASE_STRIP = NO;
				DEBUG_INFORMATION_FORMAT = "dwarf-with-dsym";
				ENABLE_NS_ASSERTIONS = NO;
				ENABLE_STRICT_OBJC_MSGSEND = YES;
				GCC_C_LANGUAGE_STANDARD = gnu11;
				GCC_NO_COMMON_BLOCKS = YES;
				GCC_WARN_64_TO_32_BIT_CONVERSION = YES;
				GCC_WARN_ABOUT_RETURN_TYPE = YES_ERROR;
				GCC_WARN_UNDECLARED_SELECTOR = YES;
				GCC_WARN_UNINITIALIZED_AUTOS = YES_AGGRESSIVE;
				GCC_WARN_UNUSED_FUNCTION = YES;
				GCC_WARN_UNUSED_VARIABLE = YES;
				MACOSX_DEPLOYMENT_TARGET = 13.3;
				MTL_ENABLE_DEBUG_INFO = NO;
				MTL_FAST_MATH = YES;
				SDKROOT = macosx;
				SWIFT_COMPILATION_MODE = wholemodule;
				SWIFT_OPTIMIZATION_LEVEL = "-O";
			};
			name = Release;
		};
		F839785B2B1DDFF900F92A00 /* Debug */ = {
			isa = XCBuildConfiguration;
			buildSettings = {
				CODE_SIGN_STYLE = Automatic;
				DEVELOPMENT_TEAM = 4G47XHXXQX;
				ENABLE_HARDENED_RUNTIME = YES;
				PRODUCT_NAME = "$(TARGET_NAME)";
				SWIFT_VERSION = 5.0;
			};
			name = Debug;
		};
		F839785C2B1DDFF900F92A00 /* Release */ = {
			isa = XCBuildConfiguration;
			buildSettings = {
				CODE_SIGN_STYLE = Automatic;
				DEVELOPMENT_TEAM = 4G47XHXXQX;
				ENABLE_HARDENED_RUNTIME = YES;
				PRODUCT_NAME = "$(TARGET_NAME)";
				SWIFT_VERSION = 5.0;
			};
			name = Release;
		};
/* End XCBuildConfiguration section */

/* Begin XCConfigurationList section */
		F839784E2B1DDFF900F92A00 /* Build configuration list for PBXProject "Week3Task" */ = {
			isa = XCConfigurationList;
			buildConfigurations = (
				F83978582B1DDFF900F92A00 /* Debug */,
				F83978592B1DDFF900F92A00 /* Release */,
			);
			defaultConfigurationIsVisible = 0;
			defaultConfigurationName = Release;
		};
		F839785A2B1DDFF900F92A00 /* Build configuration list for PBXNativeTarget "Week3Task" */ = {
			isa = XCConfigurationList;
			buildConfigurations = (
				F839785B2B1DDFF900F92A00 /* Debug */,
				F839785C2B1DDFF900F92A00 /* Release */,
			);
			defaultConfigurationIsVisible = 0;
			defaultConfigurationName = Release;
		};
/* End XCConfigurationList section */
	};
	rootObject = F839784B2B1DDFF900F92A00 /* Project object */;
}
