// !$*UTF8*$!
{
	archiveVersion = 1;
	classes = {
	};
	objectVersion = 56;
	objects = {

/* Begin PBXBuildFile section */
		F806CEB52B10B71600024555 /* AppDelegate.swift in Sources */ = {isa = PBXBuildFile; fileRef = F806CEB42B10B71600024555 /* AppDelegate.swift */; };
		F806CEB72B10B71600024555 /* SceneDelegate.swift in Sources */ = {isa = PBXBuildFile; fileRef = F806CEB62B10B71600024555 /* SceneDelegate.swift */; };
		F806CEB92B10B71600024555 /* ViewController.swift in Sources */ = {isa = PBXBuildFile; fileRef = F806CEB82B10B71600024555 /* ViewController.swift */; };
		F806CEBC2B10B71600024555 /* Main.storyboard in Resources */ = {isa = PBXBuildFile; fileRef = F806CEBA2B10B71600024555 /* Main.storyboard */; };
		F806CEBE2B10B71700024555 /* Assets.xcassets in Resources */ = {isa = PBXBuildFile; fileRef = F806CEBD2B10B71700024555 /* Assets.xcassets */; };
		F806CEC12B10B71700024555 /* LaunchScreen.storyboard in Resources */ = {isa = PBXBuildFile; fileRef = F806CEBF2B10B71700024555 /* LaunchScreen.storyboard */; };
		F806CECC2B10B71700024555 /* Spart_1Tests.swift in Sources */ = {isa = PBXBuildFile; fileRef = F806CECB2B10B71700024555 /* Spart_1Tests.swift */; };
		F806CED62B10B71700024555 /* Spart_1UITests.swift in Sources */ = {isa = PBXBuildFile; fileRef = F806CED52B10B71700024555 /* Spart_1UITests.swift */; };
		F806CED82B10B71700024555 /* Spart_1UITestsLaunchTests.swift in Sources */ = {isa = PBXBuildFile; fileRef = F806CED72B10B71700024555 /* Spart_1UITestsLaunchTests.swift */; };
/* End PBXBuildFile section */

/* Begin PBXContainerItemProxy section */
		F806CEC82B10B71700024555 /* PBXContainerItemProxy */ = {
			isa = PBXContainerItemProxy;
			containerPortal = F806CEA92B10B71600024555 /* Project object */;
			proxyType = 1;
			remoteGlobalIDString = F806CEB02B10B71600024555;
			remoteInfo = Spart_1;
		};
		F806CED22B10B71700024555 /* PBXContainerItemProxy */ = {
			isa = PBXContainerItemProxy;
			containerPortal = F806CEA92B10B71600024555 /* Project object */;
			proxyType = 1;
			remoteGlobalIDString = F806CEB02B10B71600024555;
			remoteInfo = Spart_1;
		};
/* End PBXContainerItemProxy section */

/* Begin PBXFileReference section */
		F806CEB12B10B71600024555 /* Spart_1.app */ = {isa = PBXFileReference; explicitFileType = wrapper.application; includeInIndex = 0; path = Spart_1.app; sourceTree = BUILT_PRODUCTS_DIR; };
		F806CEB42B10B71600024555 /* AppDelegate.swift */ = {isa = PBXFileReference; lastKnownFileType = sourcecode.swift; path = AppDelegate.swift; sourceTree = "<group>"; };
		F806CEB62B10B71600024555 /* SceneDelegate.swift */ = {isa = PBXFileReference; lastKnownFileType = sourcecode.swift; path = SceneDelegate.swift; sourceTree = "<group>"; };
		F806CEB82B10B71600024555 /* ViewController.swift */ = {isa = PBXFileReference; lastKnownFileType = sourcecode.swift; path = ViewController.swift; sourceTree = "<group>"; };
		F806CEBB2B10B71600024555 /* Base */ = {isa = PBXFileReference; lastKnownFileType = file.storyboard; name = Base; path = Base.lproj/Main.storyboard; sourceTree = "<group>"; };
		F806CEBD2B10B71700024555 /* Assets.xcassets */ = {isa = PBXFileReference; lastKnownFileType = folder.assetcatalog; path = Assets.xcassets; sourceTree = "<group>"; };
		F806CEC02B10B71700024555 /* Base */ = {isa = PBXFileReference; lastKnownFileType = file.storyboard; name = Base; path = Base.lproj/LaunchScreen.storyboard; sourceTree = "<group>"; };
		F806CEC22B10B71700024555 /* Info.plist */ = {isa = PBXFileReference; lastKnownFileType = text.plist.xml; path = Info.plist; sourceTree = "<group>"; };
		F806CEC72B10B71700024555 /* Spart_1Tests.xctest */ = {isa = PBXFileReference; explicitFileType = wrapper.cfbundle; includeInIndex = 0; path = Spart_1Tests.xctest; sourceTree = BUILT_PRODUCTS_DIR; };
		F806CECB2B10B71700024555 /* Spart_1Tests.swift */ = {isa = PBXFileReference; lastKnownFileType = sourcecode.swift; path = Spart_1Tests.swift; sourceTree = "<group>"; };
		F806CED12B10B71700024555 /* Spart_1UITests.xctest */ = {isa = PBXFileReference; explicitFileType = wrapper.cfbundle; includeInIndex = 0; path = Spart_1UITests.xctest; sourceTree = BUILT_PRODUCTS_DIR; };
		F806CED52B10B71700024555 /* Spart_1UITests.swift */ = {isa = PBXFileReference; lastKnownFileType = sourcecode.swift; path = Spart_1UITests.swift; sourceTree = "<group>"; };
		F806CED72B10B71700024555 /* Spart_1UITestsLaunchTests.swift */ = {isa = PBXFileReference; lastKnownFileType = sourcecode.swift; path = Spart_1UITestsLaunchTests.swift; sourceTree = "<group>"; };
/* End PBXFileReference section */

/* Begin PBXFrameworksBuildPhase section */
		F806CEAE2B10B71600024555 /* Frameworks */ = {
			isa = PBXFrameworksBuildPhase;
			buildActionMask = 2147483647;
			files = (
			);
			runOnlyForDeploymentPostprocessing = 0;
		};
		F806CEC42B10B71700024555 /* Frameworks */ = {
			isa = PBXFrameworksBuildPhase;
			buildActionMask = 2147483647;
			files = (
			);
			runOnlyForDeploymentPostprocessing = 0;
		};
		F806CECE2B10B71700024555 /* Frameworks */ = {
			isa = PBXFrameworksBuildPhase;
			buildActionMask = 2147483647;
			files = (
			);
			runOnlyForDeploymentPostprocessing = 0;
		};
/* End PBXFrameworksBuildPhase section */

/* Begin PBXGroup section */
		F806CEA82B10B71600024555 = {
			isa = PBXGroup;
			children = (
				F806CEB32B10B71600024555 /* Spart_1 */,
				F806CECA2B10B71700024555 /* Spart_1Tests */,
				F806CED42B10B71700024555 /* Spart_1UITests */,
				F806CEB22B10B71600024555 /* Products */,
			);
			sourceTree = "<group>";
		};
		F806CEB22B10B71600024555 /* Products */ = {
			isa = PBXGroup;
			children = (
				F806CEB12B10B71600024555 /* Spart_1.app */,
				F806CEC72B10B71700024555 /* Spart_1Tests.xctest */,
				F806CED12B10B71700024555 /* Spart_1UITests.xctest */,
			);
			name = Products;
			sourceTree = "<group>";
		};
		F806CEB32B10B71600024555 /* Spart_1 */ = {
			isa = PBXGroup;
			children = (
				F806CEB42B10B71600024555 /* AppDelegate.swift */,
				F806CEB62B10B71600024555 /* SceneDelegate.swift */,
				F806CEB82B10B71600024555 /* ViewController.swift */,
				F806CEBA2B10B71600024555 /* Main.storyboard */,
				F806CEBD2B10B71700024555 /* Assets.xcassets */,
				F806CEBF2B10B71700024555 /* LaunchScreen.storyboard */,
				F806CEC22B10B71700024555 /* Info.plist */,
			);
			path = Spart_1;
			sourceTree = "<group>";
		};
		F806CECA2B10B71700024555 /* Spart_1Tests */ = {
			isa = PBXGroup;
			children = (
				F806CECB2B10B71700024555 /* Spart_1Tests.swift */,
			);
			path = Spart_1Tests;
			sourceTree = "<group>";
		};
		F806CED42B10B71700024555 /* Spart_1UITests */ = {
			isa = PBXGroup;
			children = (
				F806CED52B10B71700024555 /* Spart_1UITests.swift */,
				F806CED72B10B71700024555 /* Spart_1UITestsLaunchTests.swift */,
			);
			path = Spart_1UITests;
			sourceTree = "<group>";
		};
/* End PBXGroup section */

/* Begin PBXNativeTarget section */
		F806CEB02B10B71600024555 /* Spart_1 */ = {
			isa = PBXNativeTarget;
			buildConfigurationList = F806CEDB2B10B71700024555 /* Build configuration list for PBXNativeTarget "Spart_1" */;
			buildPhases = (
				F806CEAD2B10B71600024555 /* Sources */,
				F806CEAE2B10B71600024555 /* Frameworks */,
				F806CEAF2B10B71600024555 /* Resources */,
			);
			buildRules = (
			);
			dependencies = (
			);
			name = Spart_1;
			productName = Spart_1;
			productReference = F806CEB12B10B71600024555 /* Spart_1.app */;
			productType = "com.apple.product-type.application";
		};
		F806CEC62B10B71700024555 /* Spart_1Tests */ = {
			isa = PBXNativeTarget;
			buildConfigurationList = F806CEDE2B10B71700024555 /* Build configuration list for PBXNativeTarget "Spart_1Tests" */;
			buildPhases = (
				F806CEC32B10B71700024555 /* Sources */,
				F806CEC42B10B71700024555 /* Frameworks */,
				F806CEC52B10B71700024555 /* Resources */,
			);
			buildRules = (
			);
			dependencies = (
				F806CEC92B10B71700024555 /* PBXTargetDependency */,
			);
			name = Spart_1Tests;
			productName = Spart_1Tests;
			productReference = F806CEC72B10B71700024555 /* Spart_1Tests.xctest */;
			productType = "com.apple.product-type.bundle.unit-test";
		};
		F806CED02B10B71700024555 /* Spart_1UITests */ = {
			isa = PBXNativeTarget;
			buildConfigurationList = F806CEE12B10B71700024555 /* Build configuration list for PBXNativeTarget "Spart_1UITests" */;
			buildPhases = (
				F806CECD2B10B71700024555 /* Sources */,
				F806CECE2B10B71700024555 /* Frameworks */,
				F806CECF2B10B71700024555 /* Resources */,
			);
			buildRules = (
			);
			dependencies = (
				F806CED32B10B71700024555 /* PBXTargetDependency */,
			);
			name = Spart_1UITests;
			productName = Spart_1UITests;
			productReference = F806CED12B10B71700024555 /* Spart_1UITests.xctest */;
			productType = "com.apple.product-type.bundle.ui-testing";
		};
/* End PBXNativeTarget section */

/* Begin PBXProject section */
		F806CEA92B10B71600024555 /* Project object */ = {
			isa = PBXProject;
			attributes = {
				BuildIndependentTargetsInParallel = 1;
				LastSwiftUpdateCheck = 1430;
				LastUpgradeCheck = 1430;
				TargetAttributes = {
					F806CEB02B10B71600024555 = {
						CreatedOnToolsVersion = 14.3;
					};
					F806CEC62B10B71700024555 = {
						CreatedOnToolsVersion = 14.3;
						TestTargetID = F806CEB02B10B71600024555;
					};
					F806CED02B10B71700024555 = {
						CreatedOnToolsVersion = 14.3;
						TestTargetID = F806CEB02B10B71600024555;
					};
				};
			};
			buildConfigurationList = F806CEAC2B10B71600024555 /* Build configuration list for PBXProject "Spart_1" */;
			compatibilityVersion = "Xcode 14.0";
			developmentRegion = en;
			hasScannedForEncodings = 0;
			knownRegions = (
				en,
				Base,
			);
			mainGroup = F806CEA82B10B71600024555;
			productRefGroup = F806CEB22B10B71600024555 /* Products */;
			projectDirPath = "";
			projectRoot = "";
			targets = (
				F806CEB02B10B71600024555 /* Spart_1 */,
				F806CEC62B10B71700024555 /* Spart_1Tests */,
				F806CED02B10B71700024555 /* Spart_1UITests */,
			);
		};
/* End PBXProject section */

/* Begin PBXResourcesBuildPhase section */
		F806CEAF2B10B71600024555 /* Resources */ = {
			isa = PBXResourcesBuildPhase;
			buildActionMask = 2147483647;
			files = (
				F806CEC12B10B71700024555 /* LaunchScreen.storyboard in Resources */,
				F806CEBE2B10B71700024555 /* Assets.xcassets in Resources */,
				F806CEBC2B10B71600024555 /* Main.storyboard in Resources */,
			);
			runOnlyForDeploymentPostprocessing = 0;
		};
		F806CEC52B10B71700024555 /* Resources */ = {
			isa = PBXResourcesBuildPhase;
			buildActionMask = 2147483647;
			files = (
			);
			runOnlyForDeploymentPostprocessing = 0;
		};
		F806CECF2B10B71700024555 /* Resources */ = {
			isa = PBXResourcesBuildPhase;
			buildActionMask = 2147483647;
			files = (
			);
			runOnlyForDeploymentPostprocessing = 0;
		};
/* End PBXResourcesBuildPhase section */

/* Begin PBXSourcesBuildPhase section */
		F806CEAD2B10B71600024555 /* Sources */ = {
			isa = PBXSourcesBuildPhase;
			buildActionMask = 2147483647;
			files = (
				F806CEB92B10B71600024555 /* ViewController.swift in Sources */,
				F806CEB52B10B71600024555 /* AppDelegate.swift in Sources */,
				F806CEB72B10B71600024555 /* SceneDelegate.swift in Sources */,
			);
			runOnlyForDeploymentPostprocessing = 0;
		};
		F806CEC32B10B71700024555 /* Sources */ = {
			isa = PBXSourcesBuildPhase;
			buildActionMask = 2147483647;
			files = (
				F806CECC2B10B71700024555 /* Spart_1Tests.swift in Sources */,
			);
			runOnlyForDeploymentPostprocessing = 0;
		};
		F806CECD2B10B71700024555 /* Sources */ = {
			isa = PBXSourcesBuildPhase;
			buildActionMask = 2147483647;
			files = (
				F806CED62B10B71700024555 /* Spart_1UITests.swift in Sources */,
				F806CED82B10B71700024555 /* Spart_1UITestsLaunchTests.swift in Sources */,
			);
			runOnlyForDeploymentPostprocessing = 0;
		};
/* End PBXSourcesBuildPhase section */

/* Begin PBXTargetDependency section */
		F806CEC92B10B71700024555 /* PBXTargetDependency */ = {
			isa = PBXTargetDependency;
			target = F806CEB02B10B71600024555 /* Spart_1 */;
			targetProxy = F806CEC82B10B71700024555 /* PBXContainerItemProxy */;
		};
		F806CED32B10B71700024555 /* PBXTargetDependency */ = {
			isa = PBXTargetDependency;
			target = F806CEB02B10B71600024555 /* Spart_1 */;
			targetProxy = F806CED22B10B71700024555 /* PBXContainerItemProxy */;
		};
/* End PBXTargetDependency section */

/* Begin PBXVariantGroup section */
		F806CEBA2B10B71600024555 /* Main.storyboard */ = {
			isa = PBXVariantGroup;
			children = (
				F806CEBB2B10B71600024555 /* Base */,
			);
			name = Main.storyboard;
			sourceTree = "<group>";
		};
		F806CEBF2B10B71700024555 /* LaunchScreen.storyboard */ = {
			isa = PBXVariantGroup;
			children = (
				F806CEC02B10B71700024555 /* Base */,
			);
			name = LaunchScreen.storyboard;
			sourceTree = "<group>";
		};
/* End PBXVariantGroup section */

/* Begin XCBuildConfiguration section */
		F806CED92B10B71700024555 /* Debug */ = {
			isa = XCBuildConfiguration;
			buildSettings = {
				ALWAYS_SEARCH_USER_PATHS = NO;
				CLANG_ANALYZER_NONNULL = YES;
				CLANG_ANALYZER_NUMBER_OBJECT_CONVERSION = YES_AGGRESSIVE;
				CLANG_CXX_LANGUAGE_STANDARD = "gnu++20";
				CLANG_ENABLE_MODULES = YES;
				CLANG_ENABLE_OBJC_ARC = YES;
				CLANG_ENABLE_OBJC_WEAK = YES;
				CLANG_WARN_BLOCK_CAPTURE_AUTORELEASING = YES;
				CLANG_WARN_BOOL_CONVERSION = YES;
				CLANG_WARN_COMMA = YES;
				CLANG_WARN_CONSTANT_CONVERSION = YES;
				CLANG_WARN_DEPRECATED_OBJC_IMPLEMENTATIONS = YES;
				CLANG_WARN_DIRECT_OBJC_ISA_USAGE = YES_ERROR;
				CLANG_WARN_DOCUMENTATION_COMMENTS = YES;
				CLANG_WARN_EMPTY_BODY = YES;
				CLANG_WARN_ENUM_CONVERSION = YES;
				CLANG_WARN_INFINITE_RECURSION = YES;
				CLANG_WARN_INT_CONVERSION = YES;
				CLANG_WARN_NON_LITERAL_NULL_CONVERSION = YES;
				CLANG_WARN_OBJC_IMPLICIT_RETAIN_SELF = YES;
				CLANG_WARN_OBJC_LITERAL_CONVERSION = YES;
				CLANG_WARN_OBJC_ROOT_CLASS = YES_ERROR;
				CLANG_WARN_QUOTED_INCLUDE_IN_FRAMEWORK_HEADER = YES;
				CLANG_WARN_RANGE_LOOP_ANALYSIS = YES;
				CLANG_WARN_STRICT_PROTOTYPES = YES;
				CLANG_WARN_SUSPICIOUS_MOVE = YES;
				CLANG_WARN_UNGUARDED_AVAILABILITY = YES_AGGRESSIVE;
				CLANG_WARN_UNREACHABLE_CODE = YES;
				CLANG_WARN__DUPLICATE_METHOD_MATCH = YES;
				COPY_PHASE_STRIP = NO;
				DEBUG_INFORMATION_FORMAT = dwarf;
				ENABLE_STRICT_OBJC_MSGSEND = YES;
				ENABLE_TESTABILITY = YES;
				GCC_C_LANGUAGE_STANDARD = gnu11;
				GCC_DYNAMIC_NO_PIC = NO;
				GCC_NO_COMMON_BLOCKS = YES;
				GCC_OPTIMIZATION_LEVEL = 0;
				GCC_PREPROCESSOR_DEFINITIONS = (
					"DEBUG=1",
					"$(inherited)",
				);
				GCC_WARN_64_TO_32_BIT_CONVERSION = YES;
				GCC_WARN_ABOUT_RETURN_TYPE = YES_ERROR;
				GCC_WARN_UNDECLARED_SELECTOR = YES;
				GCC_WARN_UNINITIALIZED_AUTOS = YES_AGGRESSIVE;
				GCC_WARN_UNUSED_FUNCTION = YES;
				GCC_WARN_UNUSED_VARIABLE = YES;
				IPHONEOS_DEPLOYMENT_TARGET = 16.4;
				MTL_ENABLE_DEBUG_INFO = INCLUDE_SOURCE;
				MTL_FAST_MATH = YES;
				ONLY_ACTIVE_ARCH = YES;
				SDKROOT = iphoneos;
				SWIFT_ACTIVE_COMPILATION_CONDITIONS = DEBUG;
				SWIFT_OPTIMIZATION_LEVEL = "-Onone";
			};
			name = Debug;
		};
		F806CEDA2B10B71700024555 /* Release */ = {
			isa = XCBuildConfiguration;
			buildSettings = {
				ALWAYS_SEARCH_USER_PATHS = NO;
				CLANG_ANALYZER_NONNULL = YES;
				CLANG_ANALYZER_NUMBER_OBJECT_CONVERSION = YES_AGGRESSIVE;
				CLANG_CXX_LANGUAGE_STANDARD = "gnu++20";
				CLANG_ENABLE_MODULES = YES;
				CLANG_ENABLE_OBJC_ARC = YES;
				CLANG_ENABLE_OBJC_WEAK = YES;
				CLANG_WARN_BLOCK_CAPTURE_AUTORELEASING = YES;
				CLANG_WARN_BOOL_CONVERSION = YES;
				CLANG_WARN_COMMA = YES;
				CLANG_WARN_CONSTANT_CONVERSION = YES;
				CLANG_WARN_DEPRECATED_OBJC_IMPLEMENTATIONS = YES;
				CLANG_WARN_DIRECT_OBJC_ISA_USAGE = YES_ERROR;
				CLANG_WARN_DOCUMENTATION_COMMENTS = YES;
				CLANG_WARN_EMPTY_BODY = YES;
				CLANG_WARN_ENUM_CONVERSION = YES;
				CLANG_WARN_INFINITE_RECURSION = YES;
				CLANG_WARN_INT_CONVERSION = YES;
				CLANG_WARN_NON_LITERAL_NULL_CONVERSION = YES;
				CLANG_WARN_OBJC_IMPLICIT_RETAIN_SELF = YES;
				CLANG_WARN_OBJC_LITERAL_CONVERSION = YES;
				CLANG_WARN_OBJC_ROOT_CLASS = YES_ERROR;
				CLANG_WARN_QUOTED_INCLUDE_IN_FRAMEWORK_HEADER = YES;
				CLANG_WARN_RANGE_LOOP_ANALYSIS = YES;
				CLANG_WARN_STRICT_PROTOTYPES = YES;
				CLANG_WARN_SUSPICIOUS_MOVE = YES;
				CLANG_WARN_UNGUARDED_AVAILABILITY = YES_AGGRESSIVE;
				CLANG_WARN_UNREACHABLE_CODE = YES;
				CLANG_WARN__DUPLICATE_METHOD_MATCH = YES;
				COPY_PHASE_STRIP = NO;
				DEBUG_INFORMATION_FORMAT = "dwarf-with-dsym";
				ENABLE_NS_ASSERTIONS = NO;
				ENABLE_STRICT_OBJC_MSGSEND = YES;
				GCC_C_LANGUAGE_STANDARD = gnu11;
				GCC_NO_COMMON_BLOCKS = YES;
				GCC_WARN_64_TO_32_BIT_CONVERSION = YES;
				GCC_WARN_ABOUT_RETURN_TYPE = YES_ERROR;
				GCC_WARN_UNDECLARED_SELECTOR = YES;
				GCC_WARN_UNINITIALIZED_AUTOS = YES_AGGRESSIVE;
				GCC_WARN_UNUSED_FUNCTION = YES;
				GCC_WARN_UNUSED_VARIABLE = YES;
				IPHONEOS_DEPLOYMENT_TARGET = 16.4;
				MTL_ENABLE_DEBUG_INFO = NO;
				MTL_FAST_MATH = YES;
				SDKROOT = iphoneos;
				SWIFT_COMPILATION_MODE = wholemodule;
				SWIFT_OPTIMIZATION_LEVEL = "-O";
				VALIDATE_PRODUCT = YES;
			};
			name = Release;
		};
		F806CEDC2B10B71700024555 /* Debug */ = {
			isa = XCBuildConfiguration;
			buildSettings = {
				ASSETCATALOG_COMPILER_APPICON_NAME = AppIcon;
				ASSETCATALOG_COMPILER_GLOBAL_ACCENT_COLOR_NAME = AccentColor;
				CODE_SIGN_STYLE = Automatic;
				CURRENT_PROJECT_VERSION = 1;
				DEVELOPMENT_TEAM = 4G47XHXXQX;
				GENERATE_INFOPLIST_FILE = YES;
				INFOPLIST_FILE = Spart_1/Info.plist;
				INFOPLIST_KEY_UIApplicationSupportsIndirectInputEvents = YES;
				INFOPLIST_KEY_UILaunchStoryboardName = LaunchScreen;
				INFOPLIST_KEY_UIMainStoryboardFile = Main;
				INFOPLIST_KEY_UISupportedInterfaceOrientations_iPad = "UIInterfaceOrientationPortrait UIInterfaceOrientationPortraitUpsideDown UIInterfaceOrientationLandscapeLeft UIInterfaceOrientationLandscapeRight";
				INFOPLIST_KEY_UISupportedInterfaceOrientations_iPhone = "UIInterfaceOrientationPortrait UIInterfaceOrientationLandscapeLeft UIInterfaceOrientationLandscapeRight";
				LD_RUNPATH_SEARCH_PATHS = (
					"$(inherited)",
					"@executable_path/Frameworks",
				);
				MARKETING_VERSION = 1.0;
				PRODUCT_BUNDLE_IDENTIFIER = "WonDongJin.Spart-1";
				PRODUCT_NAME = "$(TARGET_NAME)";
				SWIFT_EMIT_LOC_STRINGS = YES;
				SWIFT_VERSION = 5.0;
				TARGETED_DEVICE_FAMILY = "1,2";
			};
			name = Debug;
		};
		F806CEDD2B10B71700024555 /* Release */ = {
			isa = XCBuildConfiguration;
			buildSettings = {
				ASSETCATALOG_COMPILER_APPICON_NAME = AppIcon;
				ASSETCATALOG_COMPILER_GLOBAL_ACCENT_COLOR_NAME = AccentColor;
				CODE_SIGN_STYLE = Automatic;
				CURRENT_PROJECT_VERSION = 1;
				DEVELOPMENT_TEAM = 4G47XHXXQX;
				GENERATE_INFOPLIST_FILE = YES;
				INFOPLIST_FILE = Spart_1/Info.plist;
				INFOPLIST_KEY_UIApplicationSupportsIndirectInputEvents = YES;
				INFOPLIST_KEY_UILaunchStoryboardName = LaunchScreen;
				INFOPLIST_KEY_UIMainStoryboardFile = Main;
				INFOPLIST_KEY_UISupportedInterfaceOrientations_iPad = "UIInterfaceOrientationPortrait UIInterfaceOrientationPortraitUpsideDown UIInterfaceOrientationLandscapeLeft UIInterfaceOrientationLandscapeRight";
				INFOPLIST_KEY_UISupportedInterfaceOrientations_iPhone = "UIInterfaceOrientationPortrait UIInterfaceOrientationLandscapeLeft UIInterfaceOrientationLandscapeRight";
				LD_RUNPATH_SEARCH_PATHS = (
					"$(inherited)",
					"@executable_path/Frameworks",
				);
				MARKETING_VERSION = 1.0;
				PRODUCT_BUNDLE_IDENTIFIER = "WonDongJin.Spart-1";
				PRODUCT_NAME = "$(TARGET_NAME)";
				SWIFT_EMIT_LOC_STRINGS = YES;
				SWIFT_VERSION = 5.0;
				TARGETED_DEVICE_FAMILY = "1,2";
			};
			name = Release;
		};
		F806CEDF2B10B71700024555 /* Debug */ = {
			isa = XCBuildConfiguration;
			buildSettings = {
				ALWAYS_EMBED_SWIFT_STANDARD_LIBRARIES = YES;
				BUNDLE_LOADER = "$(TEST_HOST)";
				CODE_SIGN_STYLE = Automatic;
				CURRENT_PROJECT_VERSION = 1;
				DEVELOPMENT_TEAM = 4G47XHXXQX;
				GENERATE_INFOPLIST_FILE = YES;
				IPHONEOS_DEPLOYMENT_TARGET = 16.4;
				MARKETING_VERSION = 1.0;
				PRODUCT_BUNDLE_IDENTIFIER = "WonDongJin.Spart-1Tests";
				PRODUCT_NAME = "$(TARGET_NAME)";
				SWIFT_EMIT_LOC_STRINGS = NO;
				SWIFT_VERSION = 5.0;
				TARGETED_DEVICE_FAMILY = "1,2";
				TEST_HOST = "$(BUILT_PRODUCTS_DIR)/Spart_1.app/$(BUNDLE_EXECUTABLE_FOLDER_PATH)/Spart_1";
			};
			name = Debug;
		};
		F806CEE02B10B71700024555 /* Release */ = {
			isa = XCBuildConfiguration;
			buildSettings = {
				ALWAYS_EMBED_SWIFT_STANDARD_LIBRARIES = YES;
				BUNDLE_LOADER = "$(TEST_HOST)";
				CODE_SIGN_STYLE = Automatic;
				CURRENT_PROJECT_VERSION = 1;
				DEVELOPMENT_TEAM = 4G47XHXXQX;
				GENERATE_INFOPLIST_FILE = YES;
				IPHONEOS_DEPLOYMENT_TARGET = 16.4;
				MARKETING_VERSION = 1.0;
				PRODUCT_BUNDLE_IDENTIFIER = "WonDongJin.Spart-1Tests";
				PRODUCT_NAME = "$(TARGET_NAME)";
				SWIFT_EMIT_LOC_STRINGS = NO;
				SWIFT_VERSION = 5.0;
				TARGETED_DEVICE_FAMILY = "1,2";
				TEST_HOST = "$(BUILT_PRODUCTS_DIR)/Spart_1.app/$(BUNDLE_EXECUTABLE_FOLDER_PATH)/Spart_1";
			};
			name = Release;
		};
		F806CEE22B10B71700024555 /* Debug */ = {
			isa = XCBuildConfiguration;
			buildSettings = {
				ALWAYS_EMBED_SWIFT_STANDARD_LIBRARIES = YES;
				CODE_SIGN_STYLE = Automatic;
				CURRENT_PROJECT_VERSION = 1;
				DEVELOPMENT_TEAM = 4G47XHXXQX;
				GENERATE_INFOPLIST_FILE = YES;
				MARKETING_VERSION = 1.0;
				PRODUCT_BUNDLE_IDENTIFIER = "WonDongJin.Spart-1UITests";
				PRODUCT_NAME = "$(TARGET_NAME)";
				SWIFT_EMIT_LOC_STRINGS = NO;
				SWIFT_VERSION = 5.0;
				TARGETED_DEVICE_FAMILY = "1,2";
				TEST_TARGET_NAME = Spart_1;
			};
			name = Debug;
		};
		F806CEE32B10B71700024555 /* Release */ = {
			isa = XCBuildConfiguration;
			buildSettings = {
				ALWAYS_EMBED_SWIFT_STANDARD_LIBRARIES = YES;
				CODE_SIGN_STYLE = Automatic;
				CURRENT_PROJECT_VERSION = 1;
				DEVELOPMENT_TEAM = 4G47XHXXQX;
				GENERATE_INFOPLIST_FILE = YES;
				MARKETING_VERSION = 1.0;
				PRODUCT_BUNDLE_IDENTIFIER = "WonDongJin.Spart-1UITests";
				PRODUCT_NAME = "$(TARGET_NAME)";
				SWIFT_EMIT_LOC_STRINGS = NO;
				SWIFT_VERSION = 5.0;
				TARGETED_DEVICE_FAMILY = "1,2";
				TEST_TARGET_NAME = Spart_1;
			};
			name = Release;
		};
/* End XCBuildConfiguration section */

/* Begin XCConfigurationList section */
		F806CEAC2B10B71600024555 /* Build configuration list for PBXProject "Spart_1" */ = {
			isa = XCConfigurationList;
			buildConfigurations = (
				F806CED92B10B71700024555 /* Debug */,
				F806CEDA2B10B71700024555 /* Release */,
			);
			defaultConfigurationIsVisible = 0;
			defaultConfigurationName = Release;
		};
		F806CEDB2B10B71700024555 /* Build configuration list for PBXNativeTarget "Spart_1" */ = {
			isa = XCConfigurationList;
			buildConfigurations = (
				F806CEDC2B10B71700024555 /* Debug */,
				F806CEDD2B10B71700024555 /* Release */,
			);
			defaultConfigurationIsVisible = 0;
			defaultConfigurationName = Release;
		};
		F806CEDE2B10B71700024555 /* Build configuration list for PBXNativeTarget "Spart_1Tests" */ = {
			isa = XCConfigurationList;
			buildConfigurations = (
				F806CEDF2B10B71700024555 /* Debug */,
				F806CEE02B10B71700024555 /* Release */,
			);
			defaultConfigurationIsVisible = 0;
			defaultConfigurationName = Release;
		};
		F806CEE12B10B71700024555 /* Build configuration list for PBXNativeTarget "Spart_1UITests" */ = {
			isa = XCConfigurationList;
			buildConfigurations = (
				F806CEE22B10B71700024555 /* Debug */,
				F806CEE32B10B71700024555 /* Release */,
			);
			defaultConfigurationIsVisible = 0;
			defaultConfigurationName = Release;
		};
/* End XCConfigurationList section */
	};
	rootObject = F806CEA92B10B71600024555 /* Project object */;
}
